// !$*UTF8*$!
{
	archiveVersion = 1;
	classes = {
	};
	objectVersion = 46;
	objects = {

/* Begin PBXBuildFile section */
		EC7B5E601EA1FAA2008105E8 /* pokemon.csv in Resources */ = {isa = PBXBuildFile; fileRef = EC7B5E5F1EA1FAA2008105E8 /* pokemon.csv */; };
		EC7B5E651EA1FB83008105E8 /* Pokemon.swift in Sources */ = {isa = PBXBuildFile; fileRef = EC7B5E641EA1FB83008105E8 /* Pokemon.swift */; };
		ECC707D61EA1F8F500AECD83 /* AppDelegate.swift in Sources */ = {isa = PBXBuildFile; fileRef = ECC707D51EA1F8F500AECD83 /* AppDelegate.swift */; };
		ECC707D81EA1F8F500AECD83 /* ViewController.swift in Sources */ = {isa = PBXBuildFile; fileRef = ECC707D71EA1F8F500AECD83 /* ViewController.swift */; };
		ECC707DB1EA1F8F500AECD83 /* Main.storyboard in Resources */ = {isa = PBXBuildFile; fileRef = ECC707D91EA1F8F500AECD83 /* Main.storyboard */; };
		ECC707DD1EA1F8F500AECD83 /* Assets.xcassets in Resources */ = {isa = PBXBuildFile; fileRef = ECC707DC1EA1F8F500AECD83 /* Assets.xcassets */; };
		ECC707E01EA1F8F500AECD83 /* LaunchScreen.storyboard in Resources */ = {isa = PBXBuildFile; fileRef = ECC707DE1EA1F8F500AECD83 /* LaunchScreen.storyboard */; };
/* End PBXBuildFile section */

/* Begin PBXFileReference section */
		EC7B5E5F1EA1FAA2008105E8 /* pokemon.csv */ = {isa = PBXFileReference; fileEncoding = 4; lastKnownFileType = text; path = pokemon.csv; sourceTree = "<group>"; };
		EC7B5E641EA1FB83008105E8 /* Pokemon.swift */ = {isa = PBXFileReference; fileEncoding = 4; lastKnownFileType = sourcecode.swift; path = Pokemon.swift; sourceTree = "<group>"; };
		ECC707D21EA1F8F500AECD83 /* PokeDex.app */ = {isa = PBXFileReference; explicitFileType = wrapper.application; includeInIndex = 0; path = PokeDex.app; sourceTree = BUILT_PRODUCTS_DIR; };
		ECC707D51EA1F8F500AECD83 /* AppDelegate.swift */ = {isa = PBXFileReference; lastKnownFileType = sourcecode.swift; path = AppDelegate.swift; sourceTree = "<group>"; };
		ECC707D71EA1F8F500AECD83 /* ViewController.swift */ = {isa = PBXFileReference; lastKnownFileType = sourcecode.swift; path = ViewController.swift; sourceTree = "<group>"; };
		ECC707DA1EA1F8F500AECD83 /* Base */ = {isa = PBXFileReference; lastKnownFileType = file.storyboard; name = Base; path = Base.lproj/Main.storyboard; sourceTree = "<group>"; };
		ECC707DC1EA1F8F500AECD83 /* Assets.xcassets */ = {isa = PBXFileReference; lastKnownFileType = folder.assetcatalog; path = Assets.xcassets; sourceTree = "<group>"; };
		ECC707DF1EA1F8F500AECD83 /* Base */ = {isa = PBXFileReference; lastKnownFileType = file.storyboard; name = Base; path = Base.lproj/LaunchScreen.storyboard; sourceTree = "<group>"; };
		ECC707E11EA1F8F500AECD83 /* Info.plist */ = {isa = PBXFileReference; lastKnownFileType = text.plist.xml; path = Info.plist; sourceTree = "<group>"; };
/* End PBXFileReference section */

/* Begin PBXFrameworksBuildPhase section */
		ECC707CF1EA1F8F500AECD83 /* Frameworks */ = {
			isa = PBXFrameworksBuildPhase;
			buildActionMask = 2147483647;
			files = (
			);
			runOnlyForDeploymentPostprocessing = 0;
		};
/* End PBXFrameworksBuildPhase section */

/* Begin PBXGroup section */
		EC7B5E611EA1FB63008105E8 /* Controller */ = {
			isa = PBXGroup;
			children = (
			);
			name = Controller;
			sourceTree = "<group>";
		};
		EC7B5E621EA1FB6C008105E8 /* View */ = {
			isa = PBXGroup;
			children = (
			);
			name = View;
			sourceTree = "<group>";
		};
		EC7B5E631EA1FB70008105E8 /* Model */ = {
			isa = PBXGroup;
			children = (
				EC7B5E641EA1FB83008105E8 /* Pokemon.swift */,
			);
			name = Model;
			sourceTree = "<group>";
		};
		ECC707C91EA1F8F500AECD83 = {
			isa = PBXGroup;
			children = (
				ECC707D41EA1F8F500AECD83 /* PokeDex */,
				ECC707D31EA1F8F500AECD83 /* Products */,
			);
			sourceTree = "<group>";
		};
		ECC707D31EA1F8F500AECD83 /* Products */ = {
			isa = PBXGroup;
			children = (
				ECC707D21EA1F8F500AECD83 /* PokeDex.app */,
			);
			name = Products;
			sourceTree = "<group>";
		};
		ECC707D41EA1F8F500AECD83 /* PokeDex */ = {
			isa = PBXGroup;
			children = (
				EC7B5E631EA1FB70008105E8 /* Model */,
				EC7B5E621EA1FB6C008105E8 /* View */,
				EC7B5E611EA1FB63008105E8 /* Controller */,
				ECC707D51EA1F8F500AECD83 /* AppDelegate.swift */,
				ECC707D71EA1F8F500AECD83 /* ViewController.swift */,
				ECC707D91EA1F8F500AECD83 /* Main.storyboard */,
				ECC707DC1EA1F8F500AECD83 /* Assets.xcassets */,
				ECC707DE1EA1F8F500AECD83 /* LaunchScreen.storyboard */,
				ECC707E11EA1F8F500AECD83 /* Info.plist */,
				EC7B5E5F1EA1FAA2008105E8 /* pokemon.csv */,
			);
			path = PokeDex;
			sourceTree = "<group>";
		};
/* End PBXGroup section */

/* Begin PBXNativeTarget section */
		ECC707D11EA1F8F500AECD83 /* PokeDex */ = {
			isa = PBXNativeTarget;
			buildConfigurationList = ECC707E41EA1F8F500AECD83 /* Build configuration list for PBXNativeTarget "PokeDex" */;
			buildPhases = (
				ECC707CE1EA1F8F500AECD83 /* Sources */,
				ECC707CF1EA1F8F500AECD83 /* Frameworks */,
				ECC707D01EA1F8F500AECD83 /* Resources */,
			);
			buildRules = (
			);
			dependencies = (
			);
			name = PokeDex;
			productName = PokeDex;
			productReference = ECC707D21EA1F8F500AECD83 /* PokeDex.app */;
			productType = "com.apple.product-type.application";
		};
/* End PBXNativeTarget section */

/* Begin PBXProject section */
		ECC707CA1EA1F8F500AECD83 /* Project object */ = {
			isa = PBXProject;
			attributes = {
				LastSwiftUpdateCheck = 0830;
				LastUpgradeCheck = 0830;
				ORGANIZATIONNAME = "Per Dalsgaard";
				TargetAttributes = {
					ECC707D11EA1F8F500AECD83 = {
						CreatedOnToolsVersion = 8.3.1;
						ProvisioningStyle = Automatic;
					};
				};
			};
			buildConfigurationList = ECC707CD1EA1F8F500AECD83 /* Build configuration list for PBXProject "PokeDex" */;
			compatibilityVersion = "Xcode 3.2";
			developmentRegion = English;
			hasScannedForEncodings = 0;
			knownRegions = (
				en,
				Base,
			);
			mainGroup = ECC707C91EA1F8F500AECD83;
			productRefGroup = ECC707D31EA1F8F500AECD83 /* Products */;
			projectDirPath = "";
			projectRoot = "";
			targets = (
				ECC707D11EA1F8F500AECD83 /* PokeDex */,
			);
		};
/* End PBXProject section */

/* Begin PBXResourcesBuildPhase section */
		ECC707D01EA1F8F500AECD83 /* Resources */ = {
			isa = PBXResourcesBuildPhase;
			buildActionMask = 2147483647;
			files = (
				ECC707E01EA1F8F500AECD83 /* LaunchScreen.storyboard in Resources */,
				ECC707DD1EA1F8F500AECD83 /* Assets.xcassets in Resources */,
				EC7B5E601EA1FAA2008105E8 /* pokemon.csv in Resources */,
				ECC707DB1EA1F8F500AECD83 /* Main.storyboard in Resources */,
			);
			runOnlyForDeploymentPostprocessing = 0;
		};
/* End PBXResourcesBuildPhase section */

/* Begin PBXSourcesBuildPhase section */
		ECC707CE1EA1F8F500AECD83 /* Sources */ = {
			isa = PBXSourcesBuildPhase;
			buildActionMask = 2147483647;
			files = (
				ECC707D81EA1F8F500AECD83 /* ViewController.swift in Sources */,
				ECC707D61EA1F8F500AECD83 /* AppDelegate.swift in Sources */,
				EC7B5E651EA1FB83008105E8 /* Pokemon.swift in Sources */,
			);
			runOnlyForDeploymentPostprocessing = 0;
		};
/* End PBXSourcesBuildPhase section */

/* Begin PBXVariantGroup section */
		ECC707D91EA1F8F500AECD83 /* Main.storyboard */ = {
			isa = PBXVariantGroup;
			children = (
				ECC707DA1EA1F8F500AECD83 /* Base */,
			);
			name = Main.storyboard;
			sourceTree = "<group>";
		};
		ECC707DE1EA1F8F500AECD83 /* LaunchScreen.storyboard */ = {
			isa = PBXVariantGroup;
			children = (
				ECC707DF1EA1F8F500AECD83 /* Base */,
			);
			name = LaunchScreen.storyboard;
			sourceTree = "<group>";
		};
/* End PBXVariantGroup section */

/* Begin XCBuildConfiguration section */
		ECC707E21EA1F8F500AECD83 /* Debug */ = {
			isa = XCBuildConfiguration;
			buildSettings = {
				ALWAYS_SEARCH_USER_PATHS = NO;
				CLANG_ANALYZER_NONNULL = YES;
				CLANG_ANALYZER_NUMBER_OBJECT_CONVERSION = YES_AGGRESSIVE;
				CLANG_CXX_LANGUAGE_STANDARD = "gnu++0x";
				CLANG_CXX_LIBRARY = "libc++";
				CLANG_ENABLE_MODULES = YES;
				CLANG_ENABLE_OBJC_ARC = YES;
				CLANG_WARN_BOOL_CONVERSION = YES;
				CLANG_WARN_CONSTANT_CONVERSION = YES;
				CLANG_WARN_DIRECT_OBJC_ISA_USAGE = YES_ERROR;
				CLANG_WARN_DOCUMENTATION_COMMENTS = YES;
				CLANG_WARN_EMPTY_BODY = YES;
				CLANG_WARN_ENUM_CONVERSION = YES;
				CLANG_WARN_INFINITE_RECURSION = YES;
				CLANG_WARN_INT_CONVERSION = YES;
				CLANG_WARN_OBJC_ROOT_CLASS = YES_ERROR;
				CLANG_WARN_SUSPICIOUS_MOVE = YES;
				CLANG_WARN_UNREACHABLE_CODE = YES;
				CLANG_WARN__DUPLICATE_METHOD_MATCH = YES;
				"CODE_SIGN_IDENTITY[sdk=iphoneos*]" = "iPhone Developer";
				COPY_PHASE_STRIP = NO;
				DEBUG_INFORMATION_FORMAT = dwarf;
				ENABLE_STRICT_OBJC_MSGSEND = YES;
				ENABLE_TESTABILITY = YES;
				GCC_C_LANGUAGE_STANDARD = gnu99;
				GCC_DYNAMIC_NO_PIC = NO;
				GCC_NO_COMMON_BLOCKS = YES;
				GCC_OPTIMIZATION_LEVEL = 0;
				GCC_PREPROCESSOR_DEFINITIONS = (
					"DEBUG=1",
					"$(inherited)",
				);
				GCC_WARN_64_TO_32_BIT_CONVERSION = YES;
				GCC_WARN_ABOUT_RETURN_TYPE = YES_ERROR;
				GCC_WARN_UNDECLARED_SELECTOR = YES;
				GCC_WARN_UNINITIALIZED_AUTOS = YES_AGGRESSIVE;
				GCC_WARN_UNUSED_FUNCTION = YES;
				GCC_WARN_UNUSED_VARIABLE = YES;
				IPHONEOS_DEPLOYMENT_TARGET = 10.3;
				MTL_ENABLE_DEBUG_INFO = YES;
				ONLY_ACTIVE_ARCH = YES;
				SDKROOT = iphoneos;
				SWIFT_ACTIVE_COMPILATION_CONDITIONS = DEBUG;
				SWIFT_OPTIMIZATION_LEVEL = "-Onone";
				TARGETED_DEVICE_FAMILY = "1,2";
			};
			name = Debug;
		};
		ECC707E31EA1F8F500AECD83 /* Release */ = {
			isa = XCBuildConfiguration;
			buildSettings = {
				ALWAYS_SEARCH_USER_PATHS = NO;
				CLANG_ANALYZER_NONNULL = YES;
				CLANG_ANALYZER_NUMBER_OBJECT_CONVERSION = YES_AGGRESSIVE;
				CLANG_CXX_LANGUAGE_STANDARD = "gnu++0x";
				CLANG_CXX_LIBRARY = "libc++";
				CLANG_ENABLE_MODULES = YES;
				CLANG_ENABLE_OBJC_ARC = YES;
				CLANG_WARN_BOOL_CONVERSION = YES;
				CLANG_WARN_CONSTANT_CONVERSION = YES;
				CLANG_WARN_DIRECT_OBJC_ISA_USAGE = YES_ERROR;
				CLANG_WARN_DOCUMENTATION_COMMENTS = YES;
				CLANG_WARN_EMPTY_BODY = YES;
				CLANG_WARN_ENUM_CONVERSION = YES;
				CLANG_WARN_INFINITE_RECURSION = YES;
				CLANG_WARN_INT_CONVERSION = YES;
				CLANG_WARN_OBJC_ROOT_CLASS = YES_ERROR;
				CLANG_WARN_SUSPICIOUS_MOVE = YES;
				CLANG_WARN_UNREACHABLE_CODE = YES;
				CLANG_WARN__DUPLICATE_METHOD_MATCH = YES;
				"CODE_SIGN_IDENTITY[sdk=iphoneos*]" = "iPhone Developer";
				COPY_PHASE_STRIP = NO;
				DEBUG_INFORMATION_FORMAT = "dwarf-with-dsym";
				ENABLE_NS_ASSERTIONS = NO;
				ENABLE_STRICT_OBJC_MSGSEND = YES;
				GCC_C_LANGUAGE_STANDARD = gnu99;
				GCC_NO_COMMON_BLOCKS = YES;
				GCC_WARN_64_TO_32_BIT_CONVERSION = YES;
				GCC_WARN_ABOUT_RETURN_TYPE = YES_ERROR;
				GCC_WARN_UNDECLARED_SELECTOR = YES;
				GCC_WARN_UNINITIALIZED_AUTOS = YES_AGGRESSIVE;
				GCC_WARN_UNUSED_FUNCTION = YES;
				GCC_WARN_UNUSED_VARIABLE = YES;
				IPHONEOS_DEPLOYMENT_TARGET = 10.3;
				MTL_ENABLE_DEBUG_INFO = NO;
				SDKROOT = iphoneos;
				SWIFT_OPTIMIZATION_LEVEL = "-Owholemodule";
				TARGETED_DEVICE_FAMILY = "1,2";
				VALIDATE_PRODUCT = YES;
			};
			name = Release;
		};
		ECC707E51EA1F8F500AECD83 /* Debug */ = {
			isa = XCBuildConfiguration;
			buildSettings = {
				ASSETCATALOG_COMPILER_APPICON_NAME = AppIcon;
				INFOPLIST_FILE = PokeDex/Info.plist;
				LD_RUNPATH_SEARCH_PATHS = "$(inherited) @executable_path/Frameworks";
				PRODUCT_BUNDLE_IDENTIFIER = dk.codeph.PokeDex;
				PRODUCT_NAME = "$(TARGET_NAME)";
				SWIFT_VERSION = 3.0;
			};
			name = Debug;
		};
		ECC707E61EA1F8F500AECD83 /* Release */ = {
			isa = XCBuildConfiguration;
			buildSettings = {
				ASSETCATALOG_COMPILER_APPICON_NAME = AppIcon;
				INFOPLIST_FILE = PokeDex/Info.plist;
				LD_RUNPATH_SEARCH_PATHS = "$(inherited) @executable_path/Frameworks";
				PRODUCT_BUNDLE_IDENTIFIER = dk.codeph.PokeDex;
				PRODUCT_NAME = "$(TARGET_NAME)";
				SWIFT_VERSION = 3.0;
			};
			name = Release;
		};
/* End XCBuildConfiguration section */

/* Begin XCConfigurationList section */
		ECC707CD1EA1F8F500AECD83 /* Build configuration list for PBXProject "PokeDex" */ = {
			isa = XCConfigurationList;
			buildConfigurations = (
				ECC707E21EA1F8F500AECD83 /* Debug */,
				ECC707E31EA1F8F500AECD83 /* Release */,
			);
			defaultConfigurationIsVisible = 0;
			defaultConfigurationName = Release;
		};
		ECC707E41EA1F8F500AECD83 /* Build configuration list for PBXNativeTarget "PokeDex" */ = {
			isa = XCConfigurationList;
			buildConfigurations = (
				ECC707E51EA1F8F500AECD83 /* Debug */,
				ECC707E61EA1F8F500AECD83 /* Release */,
			);
			defaultConfigurationIsVisible = 0;
			defaultConfigurationName = Release;
		};
/* End XCConfigurationList section */
	};
	rootObject = ECC707CA1EA1F8F500AECD83 /* Project object */;
}
