// !$*UTF8*$!
{
	archiveVersion = 1;
	classes = {
	};
	objectVersion = 46;
	objects = {

/* Begin PBXBuildFile section */
		EC135D801EDB68B500BACE9C /* LogInField.swift in Sources */ = {isa = PBXBuildFile; fileRef = EC135D7F1EDB68B500BACE9C /* LogInField.swift */; };
		EC24D2C31EDB67E9008545DC /* AppDelegate.swift in Sources */ = {isa = PBXBuildFile; fileRef = EC24D2C21EDB67E9008545DC /* AppDelegate.swift */; };
		EC24D2C51EDB67E9008545DC /* ViewController.swift in Sources */ = {isa = PBXBuildFile; fileRef = EC24D2C41EDB67E9008545DC /* ViewController.swift */; };
		EC24D2C81EDB67E9008545DC /* Main.storyboard in Resources */ = {isa = PBXBuildFile; fileRef = EC24D2C61EDB67E9008545DC /* Main.storyboard */; };
		EC24D2CA1EDB67E9008545DC /* Assets.xcassets in Resources */ = {isa = PBXBuildFile; fileRef = EC24D2C91EDB67E9008545DC /* Assets.xcassets */; };
		EC24D2CD1EDB67E9008545DC /* LaunchScreen.storyboard in Resources */ = {isa = PBXBuildFile; fileRef = EC24D2CB1EDB67E9008545DC /* LaunchScreen.storyboard */; };
/* End PBXBuildFile section */

/* Begin PBXFileReference section */
		EC135D7F1EDB68B500BACE9C /* LogInField.swift */ = {isa = PBXFileReference; fileEncoding = 4; lastKnownFileType = sourcecode.swift; path = LogInField.swift; sourceTree = "<group>"; };
		EC24D2BF1EDB67E9008545DC /* CustomControls.app */ = {isa = PBXFileReference; explicitFileType = wrapper.application; includeInIndex = 0; path = CustomControls.app; sourceTree = BUILT_PRODUCTS_DIR; };
		EC24D2C21EDB67E9008545DC /* AppDelegate.swift */ = {isa = PBXFileReference; lastKnownFileType = sourcecode.swift; path = AppDelegate.swift; sourceTree = "<group>"; };
		EC24D2C41EDB67E9008545DC /* ViewController.swift */ = {isa = PBXFileReference; lastKnownFileType = sourcecode.swift; path = ViewController.swift; sourceTree = "<group>"; };
		EC24D2C71EDB67E9008545DC /* Base */ = {isa = PBXFileReference; lastKnownFileType = file.storyboard; name = Base; path = Base.lproj/Main.storyboard; sourceTree = "<group>"; };
		EC24D2C91EDB67E9008545DC /* Assets.xcassets */ = {isa = PBXFileReference; lastKnownFileType = folder.assetcatalog; path = Assets.xcassets; sourceTree = "<group>"; };
		EC24D2CC1EDB67E9008545DC /* Base */ = {isa = PBXFileReference; lastKnownFileType = file.storyboard; name = Base; path = Base.lproj/LaunchScreen.storyboard; sourceTree = "<group>"; };
		EC24D2CE1EDB67E9008545DC /* Info.plist */ = {isa = PBXFileReference; lastKnownFileType = text.plist.xml; path = Info.plist; sourceTree = "<group>"; };
/* End PBXFileReference section */

/* Begin PBXFrameworksBuildPhase section */
		EC24D2BC1EDB67E9008545DC /* Frameworks */ = {
			isa = PBXFrameworksBuildPhase;
			buildActionMask = 2147483647;
			files = (
			);
			runOnlyForDeploymentPostprocessing = 0;
		};
/* End PBXFrameworksBuildPhase section */

/* Begin PBXGroup section */
		EC135D7A1EDB681700BACE9C /* Supporting Files */ = {
			isa = PBXGroup;
			children = (
				EC24D2C21EDB67E9008545DC /* AppDelegate.swift */,
				EC24D2C91EDB67E9008545DC /* Assets.xcassets */,
				EC24D2CB1EDB67E9008545DC /* LaunchScreen.storyboard */,
				EC24D2CE1EDB67E9008545DC /* Info.plist */,
			);
			name = "Supporting Files";
			sourceTree = "<group>";
		};
		EC135D7C1EDB689500BACE9C /* Controller */ = {
			isa = PBXGroup;
			children = (
				EC24D2C41EDB67E9008545DC /* ViewController.swift */,
			);
			name = Controller;
			sourceTree = "<group>";
		};
		EC135D7D1EDB689700BACE9C /* View */ = {
			isa = PBXGroup;
			children = (
				EC135D7F1EDB68B500BACE9C /* LogInField.swift */,
			);
			name = View;
			sourceTree = "<group>";
		};
		EC135D7E1EDB689900BACE9C /* Model */ = {
			isa = PBXGroup;
			children = (
			);
			name = Model;
			sourceTree = "<group>";
		};
		EC24D2B61EDB67E9008545DC = {
			isa = PBXGroup;
			children = (
				EC24D2C11EDB67E9008545DC /* CustomControls */,
				EC24D2C01EDB67E9008545DC /* Products */,
			);
			sourceTree = "<group>";
		};
		EC24D2C01EDB67E9008545DC /* Products */ = {
			isa = PBXGroup;
			children = (
				EC24D2BF1EDB67E9008545DC /* CustomControls.app */,
			);
			name = Products;
			sourceTree = "<group>";
		};
		EC24D2C11EDB67E9008545DC /* CustomControls */ = {
			isa = PBXGroup;
			children = (
				EC135D7E1EDB689900BACE9C /* Model */,
				EC135D7D1EDB689700BACE9C /* View */,
				EC135D7C1EDB689500BACE9C /* Controller */,
				EC24D2C61EDB67E9008545DC /* Main.storyboard */,
				EC135D7A1EDB681700BACE9C /* Supporting Files */,
			);
			path = CustomControls;
			sourceTree = "<group>";
		};
/* End PBXGroup section */

/* Begin PBXNativeTarget section */
		EC24D2BE1EDB67E9008545DC /* CustomControls */ = {
			isa = PBXNativeTarget;
			buildConfigurationList = EC24D2D11EDB67E9008545DC /* Build configuration list for PBXNativeTarget "CustomControls" */;
			buildPhases = (
				EC24D2BB1EDB67E9008545DC /* Sources */,
				EC24D2BC1EDB67E9008545DC /* Frameworks */,
				EC24D2BD1EDB67E9008545DC /* Resources */,
			);
			buildRules = (
			);
			dependencies = (
			);
			name = CustomControls;
			productName = CustomControls;
			productReference = EC24D2BF1EDB67E9008545DC /* CustomControls.app */;
			productType = "com.apple.product-type.application";
		};
/* End PBXNativeTarget section */

/* Begin PBXProject section */
		EC24D2B71EDB67E9008545DC /* Project object */ = {
			isa = PBXProject;
			attributes = {
				LastSwiftUpdateCheck = 0830;
				LastUpgradeCheck = 0830;
				ORGANIZATIONNAME = "Per Dalsgaard";
				TargetAttributes = {
					EC24D2BE1EDB67E9008545DC = {
						CreatedOnToolsVersion = 8.3.2;
						DevelopmentTeam = LFCTWR83LG;
						ProvisioningStyle = Automatic;
					};
				};
			};
			buildConfigurationList = EC24D2BA1EDB67E9008545DC /* Build configuration list for PBXProject "CustomControls" */;
			compatibilityVersion = "Xcode 3.2";
			developmentRegion = English;
			hasScannedForEncodings = 0;
			knownRegions = (
				en,
				Base,
			);
			mainGroup = EC24D2B61EDB67E9008545DC;
			productRefGroup = EC24D2C01EDB67E9008545DC /* Products */;
			projectDirPath = "";
			projectRoot = "";
			targets = (
				EC24D2BE1EDB67E9008545DC /* CustomControls */,
			);
		};
/* End PBXProject section */

/* Begin PBXResourcesBuildPhase section */
		EC24D2BD1EDB67E9008545DC /* Resources */ = {
			isa = PBXResourcesBuildPhase;
			buildActionMask = 2147483647;
			files = (
				EC24D2CD1EDB67E9008545DC /* LaunchScreen.storyboard in Resources */,
				EC24D2CA1EDB67E9008545DC /* Assets.xcassets in Resources */,
				EC24D2C81EDB67E9008545DC /* Main.storyboard in Resources */,
			);
			runOnlyForDeploymentPostprocessing = 0;
		};
/* End PBXResourcesBuildPhase section */

/* Begin PBXSourcesBuildPhase section */
		EC24D2BB1EDB67E9008545DC /* Sources */ = {
			isa = PBXSourcesBuildPhase;
			buildActionMask = 2147483647;
			files = (
				EC24D2C51EDB67E9008545DC /* ViewController.swift in Sources */,
				EC24D2C31EDB67E9008545DC /* AppDelegate.swift in Sources */,
				EC135D801EDB68B500BACE9C /* LogInField.swift in Sources */,
			);
			runOnlyForDeploymentPostprocessing = 0;
		};
/* End PBXSourcesBuildPhase section */

/* Begin PBXVariantGroup section */
		EC24D2C61EDB67E9008545DC /* Main.storyboard */ = {
			isa = PBXVariantGroup;
			children = (
				EC24D2C71EDB67E9008545DC /* Base */,
			);
			name = Main.storyboard;
			sourceTree = "<group>";
		};
		EC24D2CB1EDB67E9008545DC /* LaunchScreen.storyboard */ = {
			isa = PBXVariantGroup;
			children = (
				EC24D2CC1EDB67E9008545DC /* Base */,
			);
			name = LaunchScreen.storyboard;
			sourceTree = "<group>";
		};
/* End PBXVariantGroup section */

/* Begin XCBuildConfiguration section */
		EC24D2CF1EDB67E9008545DC /* Debug */ = {
			isa = XCBuildConfiguration;
			buildSettings = {
				ALWAYS_SEARCH_USER_PATHS = NO;
				CLANG_ANALYZER_NONNULL = YES;
				CLANG_ANALYZER_NUMBER_OBJECT_CONVERSION = YES_AGGRESSIVE;
				CLANG_CXX_LANGUAGE_STANDARD = "gnu++0x";
				CLANG_CXX_LIBRARY = "libc++";
				CLANG_ENABLE_MODULES = YES;
				CLANG_ENABLE_OBJC_ARC = YES;
				CLANG_WARN_BOOL_CONVERSION = YES;
				CLANG_WARN_CONSTANT_CONVERSION = YES;
				CLANG_WARN_DIRECT_OBJC_ISA_USAGE = YES_ERROR;
				CLANG_WARN_DOCUMENTATION_COMMENTS = YES;
				CLANG_WARN_EMPTY_BODY = YES;
				CLANG_WARN_ENUM_CONVERSION = YES;
				CLANG_WARN_INFINITE_RECURSION = YES;
				CLANG_WARN_INT_CONVERSION = YES;
				CLANG_WARN_OBJC_ROOT_CLASS = YES_ERROR;
				CLANG_WARN_SUSPICIOUS_MOVE = YES;
				CLANG_WARN_UNREACHABLE_CODE = YES;
				CLANG_WARN__DUPLICATE_METHOD_MATCH = YES;
				"CODE_SIGN_IDENTITY[sdk=iphoneos*]" = "iPhone Developer";
				COPY_PHASE_STRIP = NO;
				DEBUG_INFORMATION_FORMAT = dwarf;
				ENABLE_STRICT_OBJC_MSGSEND = YES;
				ENABLE_TESTABILITY = YES;
				GCC_C_LANGUAGE_STANDARD = gnu99;
				GCC_DYNAMIC_NO_PIC = NO;
				GCC_NO_COMMON_BLOCKS = YES;
				GCC_OPTIMIZATION_LEVEL = 0;
				GCC_PREPROCESSOR_DEFINITIONS = (
					"DEBUG=1",
					"$(inherited)",
				);
				GCC_WARN_64_TO_32_BIT_CONVERSION = YES;
				GCC_WARN_ABOUT_RETURN_TYPE = YES_ERROR;
				GCC_WARN_UNDECLARED_SELECTOR = YES;
				GCC_WARN_UNINITIALIZED_AUTOS = YES_AGGRESSIVE;
				GCC_WARN_UNUSED_FUNCTION = YES;
				GCC_WARN_UNUSED_VARIABLE = YES;
				IPHONEOS_DEPLOYMENT_TARGET = 10.3;
				MTL_ENABLE_DEBUG_INFO = YES;
				ONLY_ACTIVE_ARCH = YES;
				SDKROOT = iphoneos;
				SWIFT_ACTIVE_COMPILATION_CONDITIONS = DEBUG;
				SWIFT_OPTIMIZATION_LEVEL = "-Onone";
				TARGETED_DEVICE_FAMILY = "1,2";
			};
			name = Debug;
		};
		EC24D2D01EDB67E9008545DC /* Release */ = {
			isa = XCBuildConfiguration;
			buildSettings = {
				ALWAYS_SEARCH_USER_PATHS = NO;
				CLANG_ANALYZER_NONNULL = YES;
				CLANG_ANALYZER_NUMBER_OBJECT_CONVERSION = YES_AGGRESSIVE;
				CLANG_CXX_LANGUAGE_STANDARD = "gnu++0x";
				CLANG_CXX_LIBRARY = "libc++";
				CLANG_ENABLE_MODULES = YES;
				CLANG_ENABLE_OBJC_ARC = YES;
				CLANG_WARN_BOOL_CONVERSION = YES;
				CLANG_WARN_CONSTANT_CONVERSION = YES;
				CLANG_WARN_DIRECT_OBJC_ISA_USAGE = YES_ERROR;
				CLANG_WARN_DOCUMENTATION_COMMENTS = YES;
				CLANG_WARN_EMPTY_BODY = YES;
				CLANG_WARN_ENUM_CONVERSION = YES;
				CLANG_WARN_INFINITE_RECURSION = YES;
				CLANG_WARN_INT_CONVERSION = YES;
				CLANG_WARN_OBJC_ROOT_CLASS = YES_ERROR;
				CLANG_WARN_SUSPICIOUS_MOVE = YES;
				CLANG_WARN_UNREACHABLE_CODE = YES;
				CLANG_WARN__DUPLICATE_METHOD_MATCH = YES;
				"CODE_SIGN_IDENTITY[sdk=iphoneos*]" = "iPhone Developer";
				COPY_PHASE_STRIP = NO;
				DEBUG_INFORMATION_FORMAT = "dwarf-with-dsym";
				ENABLE_NS_ASSERTIONS = NO;
				ENABLE_STRICT_OBJC_MSGSEND = YES;
				GCC_C_LANGUAGE_STANDARD = gnu99;
				GCC_NO_COMMON_BLOCKS = YES;
				GCC_WARN_64_TO_32_BIT_CONVERSION = YES;
				GCC_WARN_ABOUT_RETURN_TYPE = YES_ERROR;
				GCC_WARN_UNDECLARED_SELECTOR = YES;
				GCC_WARN_UNINITIALIZED_AUTOS = YES_AGGRESSIVE;
				GCC_WARN_UNUSED_FUNCTION = YES;
				GCC_WARN_UNUSED_VARIABLE = YES;
				IPHONEOS_DEPLOYMENT_TARGET = 10.3;
				MTL_ENABLE_DEBUG_INFO = NO;
				SDKROOT = iphoneos;
				SWIFT_OPTIMIZATION_LEVEL = "-Owholemodule";
				TARGETED_DEVICE_FAMILY = "1,2";
				VALIDATE_PRODUCT = YES;
			};
			name = Release;
		};
		EC24D2D21EDB67E9008545DC /* Debug */ = {
			isa = XCBuildConfiguration;
			buildSettings = {
				ASSETCATALOG_COMPILER_APPICON_NAME = AppIcon;
				DEVELOPMENT_TEAM = LFCTWR83LG;
				INFOPLIST_FILE = CustomControls/Info.plist;
				LD_RUNPATH_SEARCH_PATHS = "$(inherited) @executable_path/Frameworks";
				PRODUCT_BUNDLE_IDENTIFIER = dk.codeph.CustomControls;
				PRODUCT_NAME = "$(TARGET_NAME)";
				SWIFT_VERSION = 3.0;
			};
			name = Debug;
		};
		EC24D2D31EDB67E9008545DC /* Release */ = {
			isa = XCBuildConfiguration;
			buildSettings = {
				ASSETCATALOG_COMPILER_APPICON_NAME = AppIcon;
				DEVELOPMENT_TEAM = LFCTWR83LG;
				INFOPLIST_FILE = CustomControls/Info.plist;
				LD_RUNPATH_SEARCH_PATHS = "$(inherited) @executable_path/Frameworks";
				PRODUCT_BUNDLE_IDENTIFIER = dk.codeph.CustomControls;
				PRODUCT_NAME = "$(TARGET_NAME)";
				SWIFT_VERSION = 3.0;
			};
			name = Release;
		};
/* End XCBuildConfiguration section */

/* Begin XCConfigurationList section */
		EC24D2BA1EDB67E9008545DC /* Build configuration list for PBXProject "CustomControls" */ = {
			isa = XCConfigurationList;
			buildConfigurations = (
				EC24D2CF1EDB67E9008545DC /* Debug */,
				EC24D2D01EDB67E9008545DC /* Release */,
			);
			defaultConfigurationIsVisible = 0;
			defaultConfigurationName = Release;
		};
		EC24D2D11EDB67E9008545DC /* Build configuration list for PBXNativeTarget "CustomControls" */ = {
			isa = XCConfigurationList;
			buildConfigurations = (
				EC24D2D21EDB67E9008545DC /* Debug */,
				EC24D2D31EDB67E9008545DC /* Release */,
			);
			defaultConfigurationIsVisible = 0;
			defaultConfigurationName = Release;
		};
/* End XCConfigurationList section */
	};
	rootObject = EC24D2B71EDB67E9008545DC /* Project object */;
}
