// !$*UTF8*$!
{
	archiveVersion = 1;
	classes = {
	};
	objectVersion = 46;
	objects = {

/* Begin PBXBuildFile section */
		EC3D30DC1EA553C700B53265 /* AppDelegate.swift in Sources */ = {isa = PBXBuildFile; fileRef = EC3D30DB1EA553C700B53265 /* AppDelegate.swift */; };
		EC3D30E11EA553C700B53265 /* Main.storyboard in Resources */ = {isa = PBXBuildFile; fileRef = EC3D30DF1EA553C700B53265 /* Main.storyboard */; };
		EC3D30E31EA553C700B53265 /* Assets.xcassets in Resources */ = {isa = PBXBuildFile; fileRef = EC3D30E21EA553C700B53265 /* Assets.xcassets */; };
		EC3D30E61EA553C700B53265 /* LaunchScreen.storyboard in Resources */ = {isa = PBXBuildFile; fileRef = EC3D30E41EA553C700B53265 /* LaunchScreen.storyboard */; };
		ECB64F571EA554760024D280 /* MainViewController.swift in Sources */ = {isa = PBXBuildFile; fileRef = ECB64F561EA554760024D280 /* MainViewController.swift */; };
		ECB64F591EA556AF0024D280 /* DropShadow.swift in Sources */ = {isa = PBXBuildFile; fileRef = ECB64F581EA556AF0024D280 /* DropShadow.swift */; };
		ECB64F5B1EA557690024D280 /* HeaderView.swift in Sources */ = {isa = PBXBuildFile; fileRef = ECB64F5A1EA557690024D280 /* HeaderView.swift */; };
		ECB64F5D1EA5585D0024D280 /* Taco.swift in Sources */ = {isa = PBXBuildFile; fileRef = ECB64F5C1EA5585D0024D280 /* Taco.swift */; };
		ECB64F5F1EA560640024D280 /* DataService.swift in Sources */ = {isa = PBXBuildFile; fileRef = ECB64F5E1EA560640024D280 /* DataService.swift */; };
		ECB64F621EA5621A0024D280 /* TacoCollectionViewCell.swift in Sources */ = {isa = PBXBuildFile; fileRef = ECB64F601EA5621A0024D280 /* TacoCollectionViewCell.swift */; };
		ECB64F631EA5621A0024D280 /* TacoCollectionViewCell.xib in Resources */ = {isa = PBXBuildFile; fileRef = ECB64F611EA5621A0024D280 /* TacoCollectionViewCell.xib */; };
/* End PBXBuildFile section */

/* Begin PBXFileReference section */
		EC3D30D81EA553C700B53265 /* TacoPOP.app */ = {isa = PBXFileReference; explicitFileType = wrapper.application; includeInIndex = 0; path = TacoPOP.app; sourceTree = BUILT_PRODUCTS_DIR; };
		EC3D30DB1EA553C700B53265 /* AppDelegate.swift */ = {isa = PBXFileReference; lastKnownFileType = sourcecode.swift; path = AppDelegate.swift; sourceTree = "<group>"; };
		EC3D30E01EA553C700B53265 /* Base */ = {isa = PBXFileReference; lastKnownFileType = file.storyboard; name = Base; path = Base.lproj/Main.storyboard; sourceTree = "<group>"; };
		EC3D30E21EA553C700B53265 /* Assets.xcassets */ = {isa = PBXFileReference; lastKnownFileType = folder.assetcatalog; path = Assets.xcassets; sourceTree = "<group>"; };
		EC3D30E51EA553C700B53265 /* Base */ = {isa = PBXFileReference; lastKnownFileType = file.storyboard; name = Base; path = Base.lproj/LaunchScreen.storyboard; sourceTree = "<group>"; };
		EC3D30E71EA553C700B53265 /* Info.plist */ = {isa = PBXFileReference; lastKnownFileType = text.plist.xml; path = Info.plist; sourceTree = "<group>"; };
		ECB64F561EA554760024D280 /* MainViewController.swift */ = {isa = PBXFileReference; fileEncoding = 4; lastKnownFileType = sourcecode.swift; path = MainViewController.swift; sourceTree = "<group>"; };
		ECB64F581EA556AF0024D280 /* DropShadow.swift */ = {isa = PBXFileReference; fileEncoding = 4; lastKnownFileType = sourcecode.swift; path = DropShadow.swift; sourceTree = "<group>"; };
		ECB64F5A1EA557690024D280 /* HeaderView.swift */ = {isa = PBXFileReference; fileEncoding = 4; lastKnownFileType = sourcecode.swift; path = HeaderView.swift; sourceTree = "<group>"; };
		ECB64F5C1EA5585D0024D280 /* Taco.swift */ = {isa = PBXFileReference; fileEncoding = 4; lastKnownFileType = sourcecode.swift; path = Taco.swift; sourceTree = "<group>"; };
		ECB64F5E1EA560640024D280 /* DataService.swift */ = {isa = PBXFileReference; fileEncoding = 4; lastKnownFileType = sourcecode.swift; path = DataService.swift; sourceTree = "<group>"; };
		ECB64F601EA5621A0024D280 /* TacoCollectionViewCell.swift */ = {isa = PBXFileReference; fileEncoding = 4; lastKnownFileType = sourcecode.swift; path = TacoCollectionViewCell.swift; sourceTree = "<group>"; };
		ECB64F611EA5621A0024D280 /* TacoCollectionViewCell.xib */ = {isa = PBXFileReference; fileEncoding = 4; lastKnownFileType = file.xib; path = TacoCollectionViewCell.xib; sourceTree = "<group>"; };
/* End PBXFileReference section */

/* Begin PBXFrameworksBuildPhase section */
		EC3D30D51EA553C700B53265 /* Frameworks */ = {
			isa = PBXFrameworksBuildPhase;
			buildActionMask = 2147483647;
			files = (
			);
			runOnlyForDeploymentPostprocessing = 0;
		};
/* End PBXFrameworksBuildPhase section */

/* Begin PBXGroup section */
		EC3D30CF1EA553C700B53265 = {
			isa = PBXGroup;
			children = (
				EC3D30DA1EA553C700B53265 /* TacoPOP */,
				EC3D30D91EA553C700B53265 /* Products */,
			);
			sourceTree = "<group>";
		};
		EC3D30D91EA553C700B53265 /* Products */ = {
			isa = PBXGroup;
			children = (
				EC3D30D81EA553C700B53265 /* TacoPOP.app */,
			);
			name = Products;
			sourceTree = "<group>";
		};
		EC3D30DA1EA553C700B53265 /* TacoPOP */ = {
			isa = PBXGroup;
			children = (
				ECB64F551EA554450024D280 /* Extensions */,
				ECB64F541EA554400024D280 /* Protocols */,
				ECB64F521EA554080024D280 /* Model */,
				ECB64F511EA553FD0024D280 /* View */,
				ECB64F501EA553F40024D280 /* Controller */,
				ECB64F531EA554320024D280 /* Resources */,
				EC3D30DB1EA553C700B53265 /* AppDelegate.swift */,
				EC3D30DF1EA553C700B53265 /* Main.storyboard */,
				EC3D30E41EA553C700B53265 /* LaunchScreen.storyboard */,
			);
			path = TacoPOP;
			sourceTree = "<group>";
		};
		ECB64F501EA553F40024D280 /* Controller */ = {
			isa = PBXGroup;
			children = (
				ECB64F561EA554760024D280 /* MainViewController.swift */,
			);
			name = Controller;
			sourceTree = "<group>";
		};
		ECB64F511EA553FD0024D280 /* View */ = {
			isa = PBXGroup;
			children = (
				ECB64F5A1EA557690024D280 /* HeaderView.swift */,
				ECB64F601EA5621A0024D280 /* TacoCollectionViewCell.swift */,
				ECB64F611EA5621A0024D280 /* TacoCollectionViewCell.xib */,
			);
			name = View;
			sourceTree = "<group>";
		};
		ECB64F521EA554080024D280 /* Model */ = {
			isa = PBXGroup;
			children = (
				ECB64F5C1EA5585D0024D280 /* Taco.swift */,
				ECB64F5E1EA560640024D280 /* DataService.swift */,
			);
			name = Model;
			sourceTree = "<group>";
		};
		ECB64F531EA554320024D280 /* Resources */ = {
			isa = PBXGroup;
			children = (
				EC3D30E21EA553C700B53265 /* Assets.xcassets */,
				EC3D30E71EA553C700B53265 /* Info.plist */,
			);
			name = Resources;
			sourceTree = "<group>";
		};
		ECB64F541EA554400024D280 /* Protocols */ = {
			isa = PBXGroup;
			children = (
				ECB64F581EA556AF0024D280 /* DropShadow.swift */,
			);
			name = Protocols;
			sourceTree = "<group>";
		};
		ECB64F551EA554450024D280 /* Extensions */ = {
			isa = PBXGroup;
			children = (
			);
			name = Extensions;
			sourceTree = "<group>";
		};
/* End PBXGroup section */

/* Begin PBXNativeTarget section */
		EC3D30D71EA553C700B53265 /* TacoPOP */ = {
			isa = PBXNativeTarget;
			buildConfigurationList = EC3D30EA1EA553C700B53265 /* Build configuration list for PBXNativeTarget "TacoPOP" */;
			buildPhases = (
				EC3D30D41EA553C700B53265 /* Sources */,
				EC3D30D51EA553C700B53265 /* Frameworks */,
				EC3D30D61EA553C700B53265 /* Resources */,
			);
			buildRules = (
			);
			dependencies = (
			);
			name = TacoPOP;
			productName = TacoPOP;
			productReference = EC3D30D81EA553C700B53265 /* TacoPOP.app */;
			productType = "com.apple.product-type.application";
		};
/* End PBXNativeTarget section */

/* Begin PBXProject section */
		EC3D30D01EA553C700B53265 /* Project object */ = {
			isa = PBXProject;
			attributes = {
				LastSwiftUpdateCheck = 0830;
				LastUpgradeCheck = 0830;
				ORGANIZATIONNAME = "Per Dalsgaard";
				TargetAttributes = {
					EC3D30D71EA553C700B53265 = {
						CreatedOnToolsVersion = 8.3.1;
						ProvisioningStyle = Automatic;
					};
				};
			};
			buildConfigurationList = EC3D30D31EA553C700B53265 /* Build configuration list for PBXProject "TacoPOP" */;
			compatibilityVersion = "Xcode 3.2";
			developmentRegion = English;
			hasScannedForEncodings = 0;
			knownRegions = (
				en,
				Base,
			);
			mainGroup = EC3D30CF1EA553C700B53265;
			productRefGroup = EC3D30D91EA553C700B53265 /* Products */;
			projectDirPath = "";
			projectRoot = "";
			targets = (
				EC3D30D71EA553C700B53265 /* TacoPOP */,
			);
		};
/* End PBXProject section */

/* Begin PBXResourcesBuildPhase section */
		EC3D30D61EA553C700B53265 /* Resources */ = {
			isa = PBXResourcesBuildPhase;
			buildActionMask = 2147483647;
			files = (
				EC3D30E61EA553C700B53265 /* LaunchScreen.storyboard in Resources */,
				ECB64F631EA5621A0024D280 /* TacoCollectionViewCell.xib in Resources */,
				EC3D30E31EA553C700B53265 /* Assets.xcassets in Resources */,
				EC3D30E11EA553C700B53265 /* Main.storyboard in Resources */,
			);
			runOnlyForDeploymentPostprocessing = 0;
		};
/* End PBXResourcesBuildPhase section */

/* Begin PBXSourcesBuildPhase section */
		EC3D30D41EA553C700B53265 /* Sources */ = {
			isa = PBXSourcesBuildPhase;
			buildActionMask = 2147483647;
			files = (
				EC3D30DC1EA553C700B53265 /* AppDelegate.swift in Sources */,
				ECB64F621EA5621A0024D280 /* TacoCollectionViewCell.swift in Sources */,
				ECB64F591EA556AF0024D280 /* DropShadow.swift in Sources */,
				ECB64F571EA554760024D280 /* MainViewController.swift in Sources */,
				ECB64F5F1EA560640024D280 /* DataService.swift in Sources */,
				ECB64F5D1EA5585D0024D280 /* Taco.swift in Sources */,
				ECB64F5B1EA557690024D280 /* HeaderView.swift in Sources */,
			);
			runOnlyForDeploymentPostprocessing = 0;
		};
/* End PBXSourcesBuildPhase section */

/* Begin PBXVariantGroup section */
		EC3D30DF1EA553C700B53265 /* Main.storyboard */ = {
			isa = PBXVariantGroup;
			children = (
				EC3D30E01EA553C700B53265 /* Base */,
			);
			name = Main.storyboard;
			sourceTree = "<group>";
		};
		EC3D30E41EA553C700B53265 /* LaunchScreen.storyboard */ = {
			isa = PBXVariantGroup;
			children = (
				EC3D30E51EA553C700B53265 /* Base */,
			);
			name = LaunchScreen.storyboard;
			sourceTree = "<group>";
		};
/* End PBXVariantGroup section */

/* Begin XCBuildConfiguration section */
		EC3D30E81EA553C700B53265 /* Debug */ = {
			isa = XCBuildConfiguration;
			buildSettings = {
				ALWAYS_SEARCH_USER_PATHS = NO;
				CLANG_ANALYZER_NONNULL = YES;
				CLANG_ANALYZER_NUMBER_OBJECT_CONVERSION = YES_AGGRESSIVE;
				CLANG_CXX_LANGUAGE_STANDARD = "gnu++0x";
				CLANG_CXX_LIBRARY = "libc++";
				CLANG_ENABLE_MODULES = YES;
				CLANG_ENABLE_OBJC_ARC = YES;
				CLANG_WARN_BOOL_CONVERSION = YES;
				CLANG_WARN_CONSTANT_CONVERSION = YES;
				CLANG_WARN_DIRECT_OBJC_ISA_USAGE = YES_ERROR;
				CLANG_WARN_DOCUMENTATION_COMMENTS = YES;
				CLANG_WARN_EMPTY_BODY = YES;
				CLANG_WARN_ENUM_CONVERSION = YES;
				CLANG_WARN_INFINITE_RECURSION = YES;
				CLANG_WARN_INT_CONVERSION = YES;
				CLANG_WARN_OBJC_ROOT_CLASS = YES_ERROR;
				CLANG_WARN_SUSPICIOUS_MOVE = YES;
				CLANG_WARN_UNREACHABLE_CODE = YES;
				CLANG_WARN__DUPLICATE_METHOD_MATCH = YES;
				"CODE_SIGN_IDENTITY[sdk=iphoneos*]" = "iPhone Developer";
				COPY_PHASE_STRIP = NO;
				DEBUG_INFORMATION_FORMAT = dwarf;
				ENABLE_STRICT_OBJC_MSGSEND = YES;
				ENABLE_TESTABILITY = YES;
				GCC_C_LANGUAGE_STANDARD = gnu99;
				GCC_DYNAMIC_NO_PIC = NO;
				GCC_NO_COMMON_BLOCKS = YES;
				GCC_OPTIMIZATION_LEVEL = 0;
				GCC_PREPROCESSOR_DEFINITIONS = (
					"DEBUG=1",
					"$(inherited)",
				);
				GCC_WARN_64_TO_32_BIT_CONVERSION = YES;
				GCC_WARN_ABOUT_RETURN_TYPE = YES_ERROR;
				GCC_WARN_UNDECLARED_SELECTOR = YES;
				GCC_WARN_UNINITIALIZED_AUTOS = YES_AGGRESSIVE;
				GCC_WARN_UNUSED_FUNCTION = YES;
				GCC_WARN_UNUSED_VARIABLE = YES;
				IPHONEOS_DEPLOYMENT_TARGET = 10.3;
				MTL_ENABLE_DEBUG_INFO = YES;
				ONLY_ACTIVE_ARCH = YES;
				SDKROOT = iphoneos;
				SWIFT_ACTIVE_COMPILATION_CONDITIONS = DEBUG;
				SWIFT_OPTIMIZATION_LEVEL = "-Onone";
				TARGETED_DEVICE_FAMILY = "1,2";
			};
			name = Debug;
		};
		EC3D30E91EA553C700B53265 /* Release */ = {
			isa = XCBuildConfiguration;
			buildSettings = {
				ALWAYS_SEARCH_USER_PATHS = NO;
				CLANG_ANALYZER_NONNULL = YES;
				CLANG_ANALYZER_NUMBER_OBJECT_CONVERSION = YES_AGGRESSIVE;
				CLANG_CXX_LANGUAGE_STANDARD = "gnu++0x";
				CLANG_CXX_LIBRARY = "libc++";
				CLANG_ENABLE_MODULES = YES;
				CLANG_ENABLE_OBJC_ARC = YES;
				CLANG_WARN_BOOL_CONVERSION = YES;
				CLANG_WARN_CONSTANT_CONVERSION = YES;
				CLANG_WARN_DIRECT_OBJC_ISA_USAGE = YES_ERROR;
				CLANG_WARN_DOCUMENTATION_COMMENTS = YES;
				CLANG_WARN_EMPTY_BODY = YES;
				CLANG_WARN_ENUM_CONVERSION = YES;
				CLANG_WARN_INFINITE_RECURSION = YES;
				CLANG_WARN_INT_CONVERSION = YES;
				CLANG_WARN_OBJC_ROOT_CLASS = YES_ERROR;
				CLANG_WARN_SUSPICIOUS_MOVE = YES;
				CLANG_WARN_UNREACHABLE_CODE = YES;
				CLANG_WARN__DUPLICATE_METHOD_MATCH = YES;
				"CODE_SIGN_IDENTITY[sdk=iphoneos*]" = "iPhone Developer";
				COPY_PHASE_STRIP = NO;
				DEBUG_INFORMATION_FORMAT = "dwarf-with-dsym";
				ENABLE_NS_ASSERTIONS = NO;
				ENABLE_STRICT_OBJC_MSGSEND = YES;
				GCC_C_LANGUAGE_STANDARD = gnu99;
				GCC_NO_COMMON_BLOCKS = YES;
				GCC_WARN_64_TO_32_BIT_CONVERSION = YES;
				GCC_WARN_ABOUT_RETURN_TYPE = YES_ERROR;
				GCC_WARN_UNDECLARED_SELECTOR = YES;
				GCC_WARN_UNINITIALIZED_AUTOS = YES_AGGRESSIVE;
				GCC_WARN_UNUSED_FUNCTION = YES;
				GCC_WARN_UNUSED_VARIABLE = YES;
				IPHONEOS_DEPLOYMENT_TARGET = 10.3;
				MTL_ENABLE_DEBUG_INFO = NO;
				SDKROOT = iphoneos;
				SWIFT_OPTIMIZATION_LEVEL = "-Owholemodule";
				TARGETED_DEVICE_FAMILY = "1,2";
				VALIDATE_PRODUCT = YES;
			};
			name = Release;
		};
		EC3D30EB1EA553C700B53265 /* Debug */ = {
			isa = XCBuildConfiguration;
			buildSettings = {
				ASSETCATALOG_COMPILER_APPICON_NAME = AppIcon;
				INFOPLIST_FILE = TacoPOP/Info.plist;
				LD_RUNPATH_SEARCH_PATHS = "$(inherited) @executable_path/Frameworks";
				PRODUCT_BUNDLE_IDENTIFIER = dk.codeph.TacoPOP;
				PRODUCT_NAME = "$(TARGET_NAME)";
				SWIFT_VERSION = 3.0;
			};
			name = Debug;
		};
		EC3D30EC1EA553C700B53265 /* Release */ = {
			isa = XCBuildConfiguration;
			buildSettings = {
				ASSETCATALOG_COMPILER_APPICON_NAME = AppIcon;
				INFOPLIST_FILE = TacoPOP/Info.plist;
				LD_RUNPATH_SEARCH_PATHS = "$(inherited) @executable_path/Frameworks";
				PRODUCT_BUNDLE_IDENTIFIER = dk.codeph.TacoPOP;
				PRODUCT_NAME = "$(TARGET_NAME)";
				SWIFT_VERSION = 3.0;
			};
			name = Release;
		};
/* End XCBuildConfiguration section */

/* Begin XCConfigurationList section */
		EC3D30D31EA553C700B53265 /* Build configuration list for PBXProject "TacoPOP" */ = {
			isa = XCConfigurationList;
			buildConfigurations = (
				EC3D30E81EA553C700B53265 /* Debug */,
				EC3D30E91EA553C700B53265 /* Release */,
			);
			defaultConfigurationIsVisible = 0;
			defaultConfigurationName = Release;
		};
		EC3D30EA1EA553C700B53265 /* Build configuration list for PBXNativeTarget "TacoPOP" */ = {
			isa = XCConfigurationList;
			buildConfigurations = (
				EC3D30EB1EA553C700B53265 /* Debug */,
				EC3D30EC1EA553C700B53265 /* Release */,
			);
			defaultConfigurationIsVisible = 0;
			defaultConfigurationName = Release;
		};
/* End XCConfigurationList section */
	};
	rootObject = EC3D30D01EA553C700B53265 /* Project object */;
}
