// !$*UTF8*$!
{
	archiveVersion = 1;
	classes = {
	};
	objectVersion = 46;
	objects = {

/* Begin PBXBuildFile section */
		504CB7D370808D78C256C71E /* Pods_DevChat.framework in Frameworks */ = {isa = PBXBuildFile; fileRef = B6AEC9E2FB91111E39713A40 /* Pods_DevChat.framework */; };
		EC0D3E4B1EB915A7004E90E2 /* RoundTextField.swift in Sources */ = {isa = PBXBuildFile; fileRef = EC0D3E4A1EB915A7004E90E2 /* RoundTextField.swift */; };
		EC0D3E4D1EB91B44004E90E2 /* RoundButton.swift in Sources */ = {isa = PBXBuildFile; fileRef = EC0D3E4C1EB91B44004E90E2 /* RoundButton.swift */; };
		EC48D3791EB7DF3C008B4203 /* AAPLCameraViewController.m in Sources */ = {isa = PBXBuildFile; fileRef = EC48D3761EB7DF3C008B4203 /* AAPLCameraViewController.m */; };
		EC48D37A1EB7DF3C008B4203 /* AAPLPreviewView.m in Sources */ = {isa = PBXBuildFile; fileRef = EC48D3781EB7DF3C008B4203 /* AAPLPreviewView.m */; };
		EC48D3821EB89DED008B4203 /* GoogleService-Info.plist in Resources */ = {isa = PBXBuildFile; fileRef = EC48D3811EB89DED008B4203 /* GoogleService-Info.plist */; };
		ECE0CFC51EB91E1100AC0836 /* LogInViewController.swift in Sources */ = {isa = PBXBuildFile; fileRef = ECE0CFC41EB91E1100AC0836 /* LogInViewController.swift */; };
		ECF99A641EB7DB7400C250E6 /* AppDelegate.swift in Sources */ = {isa = PBXBuildFile; fileRef = ECF99A631EB7DB7400C250E6 /* AppDelegate.swift */; };
		ECF99A661EB7DB7400C250E6 /* CameraViewController.swift in Sources */ = {isa = PBXBuildFile; fileRef = ECF99A651EB7DB7400C250E6 /* CameraViewController.swift */; };
		ECF99A691EB7DB7400C250E6 /* Main.storyboard in Resources */ = {isa = PBXBuildFile; fileRef = ECF99A671EB7DB7400C250E6 /* Main.storyboard */; };
		ECF99A6B1EB7DB7400C250E6 /* Assets.xcassets in Resources */ = {isa = PBXBuildFile; fileRef = ECF99A6A1EB7DB7400C250E6 /* Assets.xcassets */; };
		ECF99A6E1EB7DB7400C250E6 /* LaunchScreen.storyboard in Resources */ = {isa = PBXBuildFile; fileRef = ECF99A6C1EB7DB7400C250E6 /* LaunchScreen.storyboard */; };
/* End PBXBuildFile section */

/* Begin PBXFileReference section */
		8787654DC21245C6788DDCDD /* Pods-DevChat.debug.xcconfig */ = {isa = PBXFileReference; includeInIndex = 1; lastKnownFileType = text.xcconfig; name = "Pods-DevChat.debug.xcconfig"; path = "Pods/Target Support Files/Pods-DevChat/Pods-DevChat.debug.xcconfig"; sourceTree = "<group>"; };
		A680B0C95FA5F3BAE58CEF13 /* Pods-DevChat.release.xcconfig */ = {isa = PBXFileReference; includeInIndex = 1; lastKnownFileType = text.xcconfig; name = "Pods-DevChat.release.xcconfig"; path = "Pods/Target Support Files/Pods-DevChat/Pods-DevChat.release.xcconfig"; sourceTree = "<group>"; };
		B6AEC9E2FB91111E39713A40 /* Pods_DevChat.framework */ = {isa = PBXFileReference; explicitFileType = wrapper.framework; includeInIndex = 0; path = Pods_DevChat.framework; sourceTree = BUILT_PRODUCTS_DIR; };
		EC0D3E4A1EB915A7004E90E2 /* RoundTextField.swift */ = {isa = PBXFileReference; fileEncoding = 4; lastKnownFileType = sourcecode.swift; path = RoundTextField.swift; sourceTree = "<group>"; };
		EC0D3E4C1EB91B44004E90E2 /* RoundButton.swift */ = {isa = PBXFileReference; fileEncoding = 4; lastKnownFileType = sourcecode.swift; path = RoundButton.swift; sourceTree = "<group>"; };
		EC48D3751EB7DF3C008B4203 /* AAPLCameraViewController.h */ = {isa = PBXFileReference; fileEncoding = 4; lastKnownFileType = sourcecode.c.h; path = AAPLCameraViewController.h; sourceTree = "<group>"; };
		EC48D3761EB7DF3C008B4203 /* AAPLCameraViewController.m */ = {isa = PBXFileReference; fileEncoding = 4; lastKnownFileType = sourcecode.c.objc; path = AAPLCameraViewController.m; sourceTree = "<group>"; };
		EC48D3771EB7DF3C008B4203 /* AAPLPreviewView.h */ = {isa = PBXFileReference; fileEncoding = 4; lastKnownFileType = sourcecode.c.h; path = AAPLPreviewView.h; sourceTree = "<group>"; };
		EC48D3781EB7DF3C008B4203 /* AAPLPreviewView.m */ = {isa = PBXFileReference; fileEncoding = 4; lastKnownFileType = sourcecode.c.objc; path = AAPLPreviewView.m; sourceTree = "<group>"; };
		EC48D37B1EB7DF5F008B4203 /* DevChat-Bridging-Header.h */ = {isa = PBXFileReference; lastKnownFileType = sourcecode.c.h; path = "DevChat-Bridging-Header.h"; sourceTree = "<group>"; };
		EC48D37F1EB89685008B4203 /* AAPLCameraViewControllerDelegate.h */ = {isa = PBXFileReference; fileEncoding = 4; lastKnownFileType = sourcecode.c.h; path = AAPLCameraViewControllerDelegate.h; sourceTree = "<group>"; };
		EC48D3811EB89DED008B4203 /* GoogleService-Info.plist */ = {isa = PBXFileReference; fileEncoding = 4; lastKnownFileType = text.plist.xml; path = "GoogleService-Info.plist"; sourceTree = "<group>"; };
		ECE0CFC41EB91E1100AC0836 /* LogInViewController.swift */ = {isa = PBXFileReference; fileEncoding = 4; lastKnownFileType = sourcecode.swift; path = LogInViewController.swift; sourceTree = "<group>"; };
		ECF99A601EB7DB7400C250E6 /* DevChat.app */ = {isa = PBXFileReference; explicitFileType = wrapper.application; includeInIndex = 0; path = DevChat.app; sourceTree = BUILT_PRODUCTS_DIR; };
		ECF99A631EB7DB7400C250E6 /* AppDelegate.swift */ = {isa = PBXFileReference; lastKnownFileType = sourcecode.swift; path = AppDelegate.swift; sourceTree = "<group>"; };
		ECF99A651EB7DB7400C250E6 /* CameraViewController.swift */ = {isa = PBXFileReference; lastKnownFileType = sourcecode.swift; path = CameraViewController.swift; sourceTree = "<group>"; };
		ECF99A681EB7DB7400C250E6 /* Base */ = {isa = PBXFileReference; lastKnownFileType = file.storyboard; name = Base; path = Base.lproj/Main.storyboard; sourceTree = "<group>"; };
		ECF99A6A1EB7DB7400C250E6 /* Assets.xcassets */ = {isa = PBXFileReference; lastKnownFileType = folder.assetcatalog; path = Assets.xcassets; sourceTree = "<group>"; };
		ECF99A6D1EB7DB7400C250E6 /* Base */ = {isa = PBXFileReference; lastKnownFileType = file.storyboard; name = Base; path = Base.lproj/LaunchScreen.storyboard; sourceTree = "<group>"; };
		ECF99A6F1EB7DB7400C250E6 /* Info.plist */ = {isa = PBXFileReference; lastKnownFileType = text.plist.xml; path = Info.plist; sourceTree = "<group>"; };
/* End PBXFileReference section */

/* Begin PBXFrameworksBuildPhase section */
		ECF99A5D1EB7DB7400C250E6 /* Frameworks */ = {
			isa = PBXFrameworksBuildPhase;
			buildActionMask = 2147483647;
			files = (
				504CB7D370808D78C256C71E /* Pods_DevChat.framework in Frameworks */,
			);
			runOnlyForDeploymentPostprocessing = 0;
		};
/* End PBXFrameworksBuildPhase section */

/* Begin PBXGroup section */
		2B2122FB261B06686E2AF09D /* Frameworks */ = {
			isa = PBXGroup;
			children = (
				B6AEC9E2FB91111E39713A40 /* Pods_DevChat.framework */,
			);
			name = Frameworks;
			sourceTree = "<group>";
		};
		59B48DF86F9B98F354EC42B1 /* Pods */ = {
			isa = PBXGroup;
			children = (
				8787654DC21245C6788DDCDD /* Pods-DevChat.debug.xcconfig */,
				A680B0C95FA5F3BAE58CEF13 /* Pods-DevChat.release.xcconfig */,
			);
			name = Pods;
			sourceTree = "<group>";
		};
		EC48D37C1EB895BD008B4203 /* Protocols */ = {
			isa = PBXGroup;
			children = (
				EC48D37F1EB89685008B4203 /* AAPLCameraViewControllerDelegate.h */,
			);
			name = Protocols;
			sourceTree = "<group>";
		};
		EC9B28A31EB7DBEB00EB40A4 /* Controller */ = {
			isa = PBXGroup;
			children = (
				ECE0CFC41EB91E1100AC0836 /* LogInViewController.swift */,
				ECF99A651EB7DB7400C250E6 /* CameraViewController.swift */,
				EC48D3751EB7DF3C008B4203 /* AAPLCameraViewController.h */,
				EC48D3761EB7DF3C008B4203 /* AAPLCameraViewController.m */,
			);
			name = Controller;
			sourceTree = "<group>";
		};
		EC9B28A41EB7DBEB00EB40A4 /* View */ = {
			isa = PBXGroup;
			children = (
				EC48D3771EB7DF3C008B4203 /* AAPLPreviewView.h */,
				EC48D3781EB7DF3C008B4203 /* AAPLPreviewView.m */,
				EC0D3E4A1EB915A7004E90E2 /* RoundTextField.swift */,
				EC0D3E4C1EB91B44004E90E2 /* RoundButton.swift */,
			);
			name = View;
			sourceTree = "<group>";
		};
		EC9B28A51EB7DBEC00EB40A4 /* Model */ = {
			isa = PBXGroup;
			children = (
			);
			name = Model;
			sourceTree = "<group>";
		};
		ECF99A571EB7DB7300C250E6 = {
			isa = PBXGroup;
			children = (
				ECF99A621EB7DB7400C250E6 /* DevChat */,
				ECF99A611EB7DB7400C250E6 /* Products */,
				59B48DF86F9B98F354EC42B1 /* Pods */,
				2B2122FB261B06686E2AF09D /* Frameworks */,
			);
			sourceTree = "<group>";
		};
		ECF99A611EB7DB7400C250E6 /* Products */ = {
			isa = PBXGroup;
			children = (
				ECF99A601EB7DB7400C250E6 /* DevChat.app */,
			);
			name = Products;
			sourceTree = "<group>";
		};
		ECF99A621EB7DB7400C250E6 /* DevChat */ = {
			isa = PBXGroup;
			children = (
				EC48D37C1EB895BD008B4203 /* Protocols */,
				EC9B28A51EB7DBEC00EB40A4 /* Model */,
				EC9B28A41EB7DBEB00EB40A4 /* View */,
				EC9B28A31EB7DBEB00EB40A4 /* Controller */,
				ECF99A631EB7DB7400C250E6 /* AppDelegate.swift */,
				ECF99A671EB7DB7400C250E6 /* Main.storyboard */,
				ECF99A6A1EB7DB7400C250E6 /* Assets.xcassets */,
				ECF99A6C1EB7DB7400C250E6 /* LaunchScreen.storyboard */,
				ECF99A6F1EB7DB7400C250E6 /* Info.plist */,
				EC48D3811EB89DED008B4203 /* GoogleService-Info.plist */,
				EC48D37B1EB7DF5F008B4203 /* DevChat-Bridging-Header.h */,
			);
			path = DevChat;
			sourceTree = "<group>";
		};
/* End PBXGroup section */

/* Begin PBXNativeTarget section */
		ECF99A5F1EB7DB7400C250E6 /* DevChat */ = {
			isa = PBXNativeTarget;
			buildConfigurationList = ECF99A721EB7DB7400C250E6 /* Build configuration list for PBXNativeTarget "DevChat" */;
			buildPhases = (
				EE3A213634C6FFD3A8314558 /* [CP] Check Pods Manifest.lock */,
				ECF99A5C1EB7DB7400C250E6 /* Sources */,
				ECF99A5D1EB7DB7400C250E6 /* Frameworks */,
				ECF99A5E1EB7DB7400C250E6 /* Resources */,
				42347782AC3954017DD09507 /* [CP] Embed Pods Frameworks */,
				BEEB9638AE56A43B9FA2C349 /* [CP] Copy Pods Resources */,
			);
			buildRules = (
			);
			dependencies = (
			);
			name = DevChat;
			productName = DevChat;
			productReference = ECF99A601EB7DB7400C250E6 /* DevChat.app */;
			productType = "com.apple.product-type.application";
		};
/* End PBXNativeTarget section */

/* Begin PBXProject section */
		ECF99A581EB7DB7300C250E6 /* Project object */ = {
			isa = PBXProject;
			attributes = {
				LastSwiftUpdateCheck = 0830;
				LastUpgradeCheck = 0830;
				ORGANIZATIONNAME = "Per Dalsgaard";
				TargetAttributes = {
					ECF99A5F1EB7DB7400C250E6 = {
						CreatedOnToolsVersion = 8.3.2;
						DevelopmentTeam = LFCTWR83LG;
						LastSwiftMigration = 0830;
						ProvisioningStyle = Automatic;
					};
				};
			};
			buildConfigurationList = ECF99A5B1EB7DB7300C250E6 /* Build configuration list for PBXProject "DevChat" */;
			compatibilityVersion = "Xcode 3.2";
			developmentRegion = English;
			hasScannedForEncodings = 0;
			knownRegions = (
				en,
				Base,
			);
			mainGroup = ECF99A571EB7DB7300C250E6;
			productRefGroup = ECF99A611EB7DB7400C250E6 /* Products */;
			projectDirPath = "";
			projectRoot = "";
			targets = (
				ECF99A5F1EB7DB7400C250E6 /* DevChat */,
			);
		};
/* End PBXProject section */

/* Begin PBXResourcesBuildPhase section */
		ECF99A5E1EB7DB7400C250E6 /* Resources */ = {
			isa = PBXResourcesBuildPhase;
			buildActionMask = 2147483647;
			files = (
				ECF99A6E1EB7DB7400C250E6 /* LaunchScreen.storyboard in Resources */,
				EC48D3821EB89DED008B4203 /* GoogleService-Info.plist in Resources */,
				ECF99A6B1EB7DB7400C250E6 /* Assets.xcassets in Resources */,
				ECF99A691EB7DB7400C250E6 /* Main.storyboard in Resources */,
			);
			runOnlyForDeploymentPostprocessing = 0;
		};
/* End PBXResourcesBuildPhase section */

/* Begin PBXShellScriptBuildPhase section */
		42347782AC3954017DD09507 /* [CP] Embed Pods Frameworks */ = {
			isa = PBXShellScriptBuildPhase;
			buildActionMask = 2147483647;
			files = (
			);
			inputPaths = (
			);
			name = "[CP] Embed Pods Frameworks";
			outputPaths = (
			);
			runOnlyForDeploymentPostprocessing = 0;
			shellPath = /bin/sh;
			shellScript = "\"${SRCROOT}/Pods/Target Support Files/Pods-DevChat/Pods-DevChat-frameworks.sh\"\n";
			showEnvVarsInLog = 0;
		};
		BEEB9638AE56A43B9FA2C349 /* [CP] Copy Pods Resources */ = {
			isa = PBXShellScriptBuildPhase;
			buildActionMask = 2147483647;
			files = (
			);
			inputPaths = (
			);
			name = "[CP] Copy Pods Resources";
			outputPaths = (
			);
			runOnlyForDeploymentPostprocessing = 0;
			shellPath = /bin/sh;
			shellScript = "\"${SRCROOT}/Pods/Target Support Files/Pods-DevChat/Pods-DevChat-resources.sh\"\n";
			showEnvVarsInLog = 0;
		};
		EE3A213634C6FFD3A8314558 /* [CP] Check Pods Manifest.lock */ = {
			isa = PBXShellScriptBuildPhase;
			buildActionMask = 2147483647;
			files = (
			);
			inputPaths = (
			);
			name = "[CP] Check Pods Manifest.lock";
			outputPaths = (
			);
			runOnlyForDeploymentPostprocessing = 0;
			shellPath = /bin/sh;
			shellScript = "diff \"${PODS_PODFILE_DIR_PATH}/Podfile.lock\" \"${PODS_ROOT}/Manifest.lock\" > /dev/null\nif [ $? != 0 ] ; then\n    # print error to STDERR\n    echo \"error: The sandbox is not in sync with the Podfile.lock. Run 'pod install' or update your CocoaPods installation.\" >&2\n    exit 1\nfi\n";
			showEnvVarsInLog = 0;
		};
/* End PBXShellScriptBuildPhase section */

/* Begin PBXSourcesBuildPhase section */
		ECF99A5C1EB7DB7400C250E6 /* Sources */ = {
			isa = PBXSourcesBuildPhase;
			buildActionMask = 2147483647;
			files = (
				EC0D3E4D1EB91B44004E90E2 /* RoundButton.swift in Sources */,
				ECF99A661EB7DB7400C250E6 /* CameraViewController.swift in Sources */,
				ECF99A641EB7DB7400C250E6 /* AppDelegate.swift in Sources */,
				ECE0CFC51EB91E1100AC0836 /* LogInViewController.swift in Sources */,
				EC0D3E4B1EB915A7004E90E2 /* RoundTextField.swift in Sources */,
				EC48D3791EB7DF3C008B4203 /* AAPLCameraViewController.m in Sources */,
				EC48D37A1EB7DF3C008B4203 /* AAPLPreviewView.m in Sources */,
			);
			runOnlyForDeploymentPostprocessing = 0;
		};
/* End PBXSourcesBuildPhase section */

/* Begin PBXVariantGroup section */
		ECF99A671EB7DB7400C250E6 /* Main.storyboard */ = {
			isa = PBXVariantGroup;
			children = (
				ECF99A681EB7DB7400C250E6 /* Base */,
			);
			name = Main.storyboard;
			sourceTree = "<group>";
		};
		ECF99A6C1EB7DB7400C250E6 /* LaunchScreen.storyboard */ = {
			isa = PBXVariantGroup;
			children = (
				ECF99A6D1EB7DB7400C250E6 /* Base */,
			);
			name = LaunchScreen.storyboard;
			sourceTree = "<group>";
		};
/* End PBXVariantGroup section */

/* Begin XCBuildConfiguration section */
		ECF99A701EB7DB7400C250E6 /* Debug */ = {
			isa = XCBuildConfiguration;
			buildSettings = {
				ALWAYS_SEARCH_USER_PATHS = NO;
				CLANG_ANALYZER_NONNULL = YES;
				CLANG_ANALYZER_NUMBER_OBJECT_CONVERSION = YES_AGGRESSIVE;
				CLANG_CXX_LANGUAGE_STANDARD = "gnu++0x";
				CLANG_CXX_LIBRARY = "libc++";
				CLANG_ENABLE_MODULES = YES;
				CLANG_ENABLE_OBJC_ARC = YES;
				CLANG_WARN_BOOL_CONVERSION = YES;
				CLANG_WARN_CONSTANT_CONVERSION = YES;
				CLANG_WARN_DIRECT_OBJC_ISA_USAGE = YES_ERROR;
				CLANG_WARN_DOCUMENTATION_COMMENTS = YES;
				CLANG_WARN_EMPTY_BODY = YES;
				CLANG_WARN_ENUM_CONVERSION = YES;
				CLANG_WARN_INFINITE_RECURSION = YES;
				CLANG_WARN_INT_CONVERSION = YES;
				CLANG_WARN_OBJC_ROOT_CLASS = YES_ERROR;
				CLANG_WARN_SUSPICIOUS_MOVE = YES;
				CLANG_WARN_UNREACHABLE_CODE = YES;
				CLANG_WARN__DUPLICATE_METHOD_MATCH = YES;
				"CODE_SIGN_IDENTITY[sdk=iphoneos*]" = "iPhone Developer";
				COPY_PHASE_STRIP = NO;
				DEBUG_INFORMATION_FORMAT = dwarf;
				ENABLE_STRICT_OBJC_MSGSEND = YES;
				ENABLE_TESTABILITY = YES;
				GCC_C_LANGUAGE_STANDARD = gnu99;
				GCC_DYNAMIC_NO_PIC = NO;
				GCC_NO_COMMON_BLOCKS = YES;
				GCC_OPTIMIZATION_LEVEL = 0;
				GCC_PREPROCESSOR_DEFINITIONS = (
					"DEBUG=1",
					"$(inherited)",
				);
				GCC_WARN_64_TO_32_BIT_CONVERSION = YES;
				GCC_WARN_ABOUT_RETURN_TYPE = YES_ERROR;
				GCC_WARN_UNDECLARED_SELECTOR = YES;
				GCC_WARN_UNINITIALIZED_AUTOS = YES_AGGRESSIVE;
				GCC_WARN_UNUSED_FUNCTION = YES;
				GCC_WARN_UNUSED_VARIABLE = YES;
				IPHONEOS_DEPLOYMENT_TARGET = 10.3;
				MTL_ENABLE_DEBUG_INFO = YES;
				ONLY_ACTIVE_ARCH = YES;
				SDKROOT = iphoneos;
				SWIFT_ACTIVE_COMPILATION_CONDITIONS = DEBUG;
				SWIFT_OPTIMIZATION_LEVEL = "-Onone";
				TARGETED_DEVICE_FAMILY = "1,2";
			};
			name = Debug;
		};
		ECF99A711EB7DB7400C250E6 /* Release */ = {
			isa = XCBuildConfiguration;
			buildSettings = {
				ALWAYS_SEARCH_USER_PATHS = NO;
				CLANG_ANALYZER_NONNULL = YES;
				CLANG_ANALYZER_NUMBER_OBJECT_CONVERSION = YES_AGGRESSIVE;
				CLANG_CXX_LANGUAGE_STANDARD = "gnu++0x";
				CLANG_CXX_LIBRARY = "libc++";
				CLANG_ENABLE_MODULES = YES;
				CLANG_ENABLE_OBJC_ARC = YES;
				CLANG_WARN_BOOL_CONVERSION = YES;
				CLANG_WARN_CONSTANT_CONVERSION = YES;
				CLANG_WARN_DIRECT_OBJC_ISA_USAGE = YES_ERROR;
				CLANG_WARN_DOCUMENTATION_COMMENTS = YES;
				CLANG_WARN_EMPTY_BODY = YES;
				CLANG_WARN_ENUM_CONVERSION = YES;
				CLANG_WARN_INFINITE_RECURSION = YES;
				CLANG_WARN_INT_CONVERSION = YES;
				CLANG_WARN_OBJC_ROOT_CLASS = YES_ERROR;
				CLANG_WARN_SUSPICIOUS_MOVE = YES;
				CLANG_WARN_UNREACHABLE_CODE = YES;
				CLANG_WARN__DUPLICATE_METHOD_MATCH = YES;
				"CODE_SIGN_IDENTITY[sdk=iphoneos*]" = "iPhone Developer";
				COPY_PHASE_STRIP = NO;
				DEBUG_INFORMATION_FORMAT = "dwarf-with-dsym";
				ENABLE_NS_ASSERTIONS = NO;
				ENABLE_STRICT_OBJC_MSGSEND = YES;
				GCC_C_LANGUAGE_STANDARD = gnu99;
				GCC_NO_COMMON_BLOCKS = YES;
				GCC_WARN_64_TO_32_BIT_CONVERSION = YES;
				GCC_WARN_ABOUT_RETURN_TYPE = YES_ERROR;
				GCC_WARN_UNDECLARED_SELECTOR = YES;
				GCC_WARN_UNINITIALIZED_AUTOS = YES_AGGRESSIVE;
				GCC_WARN_UNUSED_FUNCTION = YES;
				GCC_WARN_UNUSED_VARIABLE = YES;
				IPHONEOS_DEPLOYMENT_TARGET = 10.3;
				MTL_ENABLE_DEBUG_INFO = NO;
				SDKROOT = iphoneos;
				SWIFT_OPTIMIZATION_LEVEL = "-Owholemodule";
				TARGETED_DEVICE_FAMILY = "1,2";
				VALIDATE_PRODUCT = YES;
			};
			name = Release;
		};
		ECF99A731EB7DB7400C250E6 /* Debug */ = {
			isa = XCBuildConfiguration;
			baseConfigurationReference = 8787654DC21245C6788DDCDD /* Pods-DevChat.debug.xcconfig */;
			buildSettings = {
				ASSETCATALOG_COMPILER_APPICON_NAME = AppIcon;
				CLANG_ENABLE_MODULES = YES;
				DEVELOPMENT_TEAM = LFCTWR83LG;
				INFOPLIST_FILE = DevChat/Info.plist;
				IPHONEOS_DEPLOYMENT_TARGET = 9.0;
				LD_RUNPATH_SEARCH_PATHS = "$(inherited) @executable_path/Frameworks";
				PRODUCT_BUNDLE_IDENTIFIER = dk.codeph.DevChat;
				PRODUCT_NAME = "$(TARGET_NAME)";
				SWIFT_OBJC_BRIDGING_HEADER = "DevChat/DevChat-Bridging-Header.h";
				SWIFT_OPTIMIZATION_LEVEL = "-Onone";
				SWIFT_VERSION = 3.0;
			};
			name = Debug;
		};
		ECF99A741EB7DB7400C250E6 /* Release */ = {
			isa = XCBuildConfiguration;
			baseConfigurationReference = A680B0C95FA5F3BAE58CEF13 /* Pods-DevChat.release.xcconfig */;
			buildSettings = {
				ASSETCATALOG_COMPILER_APPICON_NAME = AppIcon;
				CLANG_ENABLE_MODULES = YES;
				DEVELOPMENT_TEAM = LFCTWR83LG;
				INFOPLIST_FILE = DevChat/Info.plist;
				IPHONEOS_DEPLOYMENT_TARGET = 9.0;
				LD_RUNPATH_SEARCH_PATHS = "$(inherited) @executable_path/Frameworks";
				PRODUCT_BUNDLE_IDENTIFIER = dk.codeph.DevChat;
				PRODUCT_NAME = "$(TARGET_NAME)";
				SWIFT_OBJC_BRIDGING_HEADER = "DevChat/DevChat-Bridging-Header.h";
				SWIFT_VERSION = 3.0;
			};
			name = Release;
		};
/* End XCBuildConfiguration section */

/* Begin XCConfigurationList section */
		ECF99A5B1EB7DB7300C250E6 /* Build configuration list for PBXProject "DevChat" */ = {
			isa = XCConfigurationList;
			buildConfigurations = (
				ECF99A701EB7DB7400C250E6 /* Debug */,
				ECF99A711EB7DB7400C250E6 /* Release */,
			);
			defaultConfigurationIsVisible = 0;
			defaultConfigurationName = Release;
		};
		ECF99A721EB7DB7400C250E6 /* Build configuration list for PBXNativeTarget "DevChat" */ = {
			isa = XCConfigurationList;
			buildConfigurations = (
				ECF99A731EB7DB7400C250E6 /* Debug */,
				ECF99A741EB7DB7400C250E6 /* Release */,
			);
			defaultConfigurationIsVisible = 0;
			defaultConfigurationName = Release;
		};
/* End XCConfigurationList section */
	};
	rootObject = ECF99A581EB7DB7300C250E6 /* Project object */;
}
