// !$*UTF8*$!
{
	archiveVersion = 1;
	classes = {
	};
	objectVersion = 46;
	objects = {

/* Begin PBXBuildFile section */
		11B07A8B3D8EBE0308A0ADF8 /* Pods_PokeFinder.framework in Frameworks */ = {isa = PBXBuildFile; fileRef = 4B16A1E86D9B41DEDE9C3F26 /* Pods_PokeFinder.framework */; };
		EC755CF41EAAA244001638E2 /* AppDelegate.swift in Sources */ = {isa = PBXBuildFile; fileRef = EC755CF31EAAA244001638E2 /* AppDelegate.swift */; };
		EC755CF61EAAA244001638E2 /* ViewController.swift in Sources */ = {isa = PBXBuildFile; fileRef = EC755CF51EAAA244001638E2 /* ViewController.swift */; };
		EC755CF91EAAA244001638E2 /* Main.storyboard in Resources */ = {isa = PBXBuildFile; fileRef = EC755CF71EAAA244001638E2 /* Main.storyboard */; };
		EC755CFB1EAAA244001638E2 /* Assets.xcassets in Resources */ = {isa = PBXBuildFile; fileRef = EC755CFA1EAAA244001638E2 /* Assets.xcassets */; };
		EC755CFE1EAAA244001638E2 /* LaunchScreen.storyboard in Resources */ = {isa = PBXBuildFile; fileRef = EC755CFC1EAAA244001638E2 /* LaunchScreen.storyboard */; };
		EC8FE24F1EABE72F00221952 /* PokeAnnotation.swift in Sources */ = {isa = PBXBuildFile; fileRef = EC8FE24E1EABE72F00221952 /* PokeAnnotation.swift */; };
		ECE344961EAAA6A2003EFCAD /* GeoFire.m in Sources */ = {isa = PBXBuildFile; fileRef = ECE3448D1EAAA6A2003EFCAD /* GeoFire.m */; };
		ECE344971EAAA6A2003EFCAD /* GFBase32Utils.m in Sources */ = {isa = PBXBuildFile; fileRef = ECE3448F1EAAA6A2003EFCAD /* GFBase32Utils.m */; };
		ECE344981EAAA6A2003EFCAD /* GFGeoHash.m in Sources */ = {isa = PBXBuildFile; fileRef = ECE344911EAAA6A2003EFCAD /* GFGeoHash.m */; };
		ECE344991EAAA6A2003EFCAD /* GFGeoHashQuery.m in Sources */ = {isa = PBXBuildFile; fileRef = ECE344931EAAA6A2003EFCAD /* GFGeoHashQuery.m */; };
		ECE3449A1EAAA6A2003EFCAD /* GFQuery.m in Sources */ = {isa = PBXBuildFile; fileRef = ECE344951EAAA6A2003EFCAD /* GFQuery.m */; };
		ECE4BCA51EAAA2B000915BF4 /* GoogleService-Info.plist in Resources */ = {isa = PBXBuildFile; fileRef = ECE4BCA41EAAA2B000915BF4 /* GoogleService-Info.plist */; };
		ECEB4E231EACE2D3009B5CDB /* RoundedCornersImageView.swift in Sources */ = {isa = PBXBuildFile; fileRef = ECEB4E221EACE2D3009B5CDB /* RoundedCornersImageView.swift */; };
		ECECA5501EABFC5300D85AED /* SelectPokemonViewController.swift in Sources */ = {isa = PBXBuildFile; fileRef = ECECA54F1EABFC5200D85AED /* SelectPokemonViewController.swift */; };
		ECECA5521EABFE7900D85AED /* PokemonCollectionViewCell.swift in Sources */ = {isa = PBXBuildFile; fileRef = ECECA5511EABFE7900D85AED /* PokemonCollectionViewCell.swift */; };
		ECECA5541EABFEFA00D85AED /* Pokemon.swift in Sources */ = {isa = PBXBuildFile; fileRef = ECECA5531EABFEFA00D85AED /* Pokemon.swift */; };
		ECECA5571EAC00C100D85AED /* Constants.swift in Sources */ = {isa = PBXBuildFile; fileRef = ECECA5561EAC00C100D85AED /* Constants.swift */; };
/* End PBXBuildFile section */

/* Begin PBXFileReference section */
		14CEAD8A0B5F376749D5249F /* Pods-PokeFinder.debug.xcconfig */ = {isa = PBXFileReference; includeInIndex = 1; lastKnownFileType = text.xcconfig; name = "Pods-PokeFinder.debug.xcconfig"; path = "Pods/Target Support Files/Pods-PokeFinder/Pods-PokeFinder.debug.xcconfig"; sourceTree = "<group>"; };
		4B16A1E86D9B41DEDE9C3F26 /* Pods_PokeFinder.framework */ = {isa = PBXFileReference; explicitFileType = wrapper.framework; includeInIndex = 0; path = Pods_PokeFinder.framework; sourceTree = BUILT_PRODUCTS_DIR; };
		EA51E20061E8770F3CBBF5B5 /* Pods-PokeFinder.release.xcconfig */ = {isa = PBXFileReference; includeInIndex = 1; lastKnownFileType = text.xcconfig; name = "Pods-PokeFinder.release.xcconfig"; path = "Pods/Target Support Files/Pods-PokeFinder/Pods-PokeFinder.release.xcconfig"; sourceTree = "<group>"; };
		EC755CF01EAAA244001638E2 /* PokeFinder.app */ = {isa = PBXFileReference; explicitFileType = wrapper.application; includeInIndex = 0; path = PokeFinder.app; sourceTree = BUILT_PRODUCTS_DIR; };
		EC755CF31EAAA244001638E2 /* AppDelegate.swift */ = {isa = PBXFileReference; lastKnownFileType = sourcecode.swift; path = AppDelegate.swift; sourceTree = "<group>"; };
		EC755CF51EAAA244001638E2 /* ViewController.swift */ = {isa = PBXFileReference; lastKnownFileType = sourcecode.swift; path = ViewController.swift; sourceTree = "<group>"; };
		EC755CF81EAAA244001638E2 /* Base */ = {isa = PBXFileReference; lastKnownFileType = file.storyboard; name = Base; path = Base.lproj/Main.storyboard; sourceTree = "<group>"; };
		EC755CFA1EAAA244001638E2 /* Assets.xcassets */ = {isa = PBXFileReference; lastKnownFileType = folder.assetcatalog; path = Assets.xcassets; sourceTree = "<group>"; };
		EC755CFD1EAAA244001638E2 /* Base */ = {isa = PBXFileReference; lastKnownFileType = file.storyboard; name = Base; path = Base.lproj/LaunchScreen.storyboard; sourceTree = "<group>"; };
		EC755CFF1EAAA244001638E2 /* Info.plist */ = {isa = PBXFileReference; lastKnownFileType = text.plist.xml; path = Info.plist; sourceTree = "<group>"; };
		EC8FE24A1EAAA82600221952 /* PokeFinder-Bridging-Header.h */ = {isa = PBXFileReference; fileEncoding = 4; lastKnownFileType = sourcecode.c.h; path = "PokeFinder-Bridging-Header.h"; sourceTree = "<group>"; };
		EC8FE24E1EABE72F00221952 /* PokeAnnotation.swift */ = {isa = PBXFileReference; fileEncoding = 4; lastKnownFileType = sourcecode.swift; path = PokeAnnotation.swift; sourceTree = "<group>"; };
		ECE344861EAAA6A2003EFCAD /* GeoFire.h */ = {isa = PBXFileReference; fileEncoding = 4; lastKnownFileType = sourcecode.c.h; path = GeoFire.h; sourceTree = "<group>"; };
		ECE344871EAAA6A2003EFCAD /* GFCircleQuery.h */ = {isa = PBXFileReference; fileEncoding = 4; lastKnownFileType = sourcecode.c.h; path = GFCircleQuery.h; sourceTree = "<group>"; };
		ECE344881EAAA6A2003EFCAD /* GFQuery.h */ = {isa = PBXFileReference; fileEncoding = 4; lastKnownFileType = sourcecode.c.h; path = GFQuery.h; sourceTree = "<group>"; };
		ECE344891EAAA6A2003EFCAD /* GFRegionQuery.h */ = {isa = PBXFileReference; fileEncoding = 4; lastKnownFileType = sourcecode.c.h; path = GFRegionQuery.h; sourceTree = "<group>"; };
		ECE3448A1EAAA6A2003EFCAD /* GeoFire-Prefix.pch */ = {isa = PBXFileReference; fileEncoding = 4; lastKnownFileType = sourcecode.c.h; path = "GeoFire-Prefix.pch"; sourceTree = "<group>"; };
		ECE3448C1EAAA6A2003EFCAD /* GeoFire+Private.h */ = {isa = PBXFileReference; fileEncoding = 4; lastKnownFileType = sourcecode.c.h; path = "GeoFire+Private.h"; sourceTree = "<group>"; };
		ECE3448D1EAAA6A2003EFCAD /* GeoFire.m */ = {isa = PBXFileReference; fileEncoding = 4; lastKnownFileType = sourcecode.c.objc; path = GeoFire.m; sourceTree = "<group>"; };
		ECE3448E1EAAA6A2003EFCAD /* GFBase32Utils.h */ = {isa = PBXFileReference; fileEncoding = 4; lastKnownFileType = sourcecode.c.h; path = GFBase32Utils.h; sourceTree = "<group>"; };
		ECE3448F1EAAA6A2003EFCAD /* GFBase32Utils.m */ = {isa = PBXFileReference; fileEncoding = 4; lastKnownFileType = sourcecode.c.objc; path = GFBase32Utils.m; sourceTree = "<group>"; };
		ECE344901EAAA6A2003EFCAD /* GFGeoHash.h */ = {isa = PBXFileReference; fileEncoding = 4; lastKnownFileType = sourcecode.c.h; path = GFGeoHash.h; sourceTree = "<group>"; };
		ECE344911EAAA6A2003EFCAD /* GFGeoHash.m */ = {isa = PBXFileReference; fileEncoding = 4; lastKnownFileType = sourcecode.c.objc; path = GFGeoHash.m; sourceTree = "<group>"; };
		ECE344921EAAA6A2003EFCAD /* GFGeoHashQuery.h */ = {isa = PBXFileReference; fileEncoding = 4; lastKnownFileType = sourcecode.c.h; path = GFGeoHashQuery.h; sourceTree = "<group>"; };
		ECE344931EAAA6A2003EFCAD /* GFGeoHashQuery.m */ = {isa = PBXFileReference; fileEncoding = 4; lastKnownFileType = sourcecode.c.objc; path = GFGeoHashQuery.m; sourceTree = "<group>"; };
		ECE344941EAAA6A2003EFCAD /* GFQuery+Private.h */ = {isa = PBXFileReference; fileEncoding = 4; lastKnownFileType = sourcecode.c.h; path = "GFQuery+Private.h"; sourceTree = "<group>"; };
		ECE344951EAAA6A2003EFCAD /* GFQuery.m */ = {isa = PBXFileReference; fileEncoding = 4; lastKnownFileType = sourcecode.c.objc; path = GFQuery.m; sourceTree = "<group>"; };
		ECE4BCA41EAAA2B000915BF4 /* GoogleService-Info.plist */ = {isa = PBXFileReference; fileEncoding = 4; lastKnownFileType = text.plist.xml; path = "GoogleService-Info.plist"; sourceTree = "<group>"; };
		ECEB4E221EACE2D3009B5CDB /* RoundedCornersImageView.swift */ = {isa = PBXFileReference; fileEncoding = 4; lastKnownFileType = sourcecode.swift; path = RoundedCornersImageView.swift; sourceTree = "<group>"; };
		ECECA54F1EABFC5200D85AED /* SelectPokemonViewController.swift */ = {isa = PBXFileReference; fileEncoding = 4; lastKnownFileType = sourcecode.swift; path = SelectPokemonViewController.swift; sourceTree = "<group>"; };
		ECECA5511EABFE7900D85AED /* PokemonCollectionViewCell.swift */ = {isa = PBXFileReference; fileEncoding = 4; lastKnownFileType = sourcecode.swift; path = PokemonCollectionViewCell.swift; sourceTree = "<group>"; };
		ECECA5531EABFEFA00D85AED /* Pokemon.swift */ = {isa = PBXFileReference; fileEncoding = 4; lastKnownFileType = sourcecode.swift; path = Pokemon.swift; sourceTree = "<group>"; };
		ECECA5561EAC00C100D85AED /* Constants.swift */ = {isa = PBXFileReference; fileEncoding = 4; lastKnownFileType = sourcecode.swift; path = Constants.swift; sourceTree = "<group>"; };
/* End PBXFileReference section */

/* Begin PBXFrameworksBuildPhase section */
		EC755CED1EAAA244001638E2 /* Frameworks */ = {
			isa = PBXFrameworksBuildPhase;
			buildActionMask = 2147483647;
			files = (
				11B07A8B3D8EBE0308A0ADF8 /* Pods_PokeFinder.framework in Frameworks */,
			);
			runOnlyForDeploymentPostprocessing = 0;
		};
/* End PBXFrameworksBuildPhase section */

/* Begin PBXGroup section */
		3EE3D43C89EF7CA4FEFBB0ED /* Frameworks */ = {
			isa = PBXGroup;
			children = (
				4B16A1E86D9B41DEDE9C3F26 /* Pods_PokeFinder.framework */,
			);
			name = Frameworks;
			sourceTree = "<group>";
		};
		68DBECC090DACFB513B6A8E1 /* Pods */ = {
			isa = PBXGroup;
			children = (
				14CEAD8A0B5F376749D5249F /* Pods-PokeFinder.debug.xcconfig */,
				EA51E20061E8770F3CBBF5B5 /* Pods-PokeFinder.release.xcconfig */,
			);
			name = Pods;
			sourceTree = "<group>";
		};
		EC755CE71EAAA244001638E2 = {
			isa = PBXGroup;
			children = (
				EC755CF21EAAA244001638E2 /* PokeFinder */,
				EC755CF11EAAA244001638E2 /* Products */,
				68DBECC090DACFB513B6A8E1 /* Pods */,
				3EE3D43C89EF7CA4FEFBB0ED /* Frameworks */,
			);
			sourceTree = "<group>";
		};
		EC755CF11EAAA244001638E2 /* Products */ = {
			isa = PBXGroup;
			children = (
				EC755CF01EAAA244001638E2 /* PokeFinder.app */,
			);
			name = Products;
			sourceTree = "<group>";
		};
		EC755CF21EAAA244001638E2 /* PokeFinder */ = {
			isa = PBXGroup;
			children = (
				EC8FE24D1EABE6F300221952 /* Model */,
				EC8FE24C1EABE6EF00221952 /* View */,
				EC8FE24B1EABE6E900221952 /* Controller */,
				ECECA5551EAC00B300D85AED /* Util */,
				ECE344841EAAA6A2003EFCAD /* GeoFire */,
				EC755CF31EAAA244001638E2 /* AppDelegate.swift */,
				EC8FE24A1EAAA82600221952 /* PokeFinder-Bridging-Header.h */,
				EC755CFF1EAAA244001638E2 /* Info.plist */,
				ECE4BCA41EAAA2B000915BF4 /* GoogleService-Info.plist */,
				EC755CFA1EAAA244001638E2 /* Assets.xcassets */,
				EC755CFC1EAAA244001638E2 /* LaunchScreen.storyboard */,
				EC755CF71EAAA244001638E2 /* Main.storyboard */,
			);
			path = PokeFinder;
			sourceTree = "<group>";
		};
		EC8FE24B1EABE6E900221952 /* Controller */ = {
			isa = PBXGroup;
			children = (
				EC755CF51EAAA244001638E2 /* ViewController.swift */,
				ECECA54F1EABFC5200D85AED /* SelectPokemonViewController.swift */,
			);
			name = Controller;
			sourceTree = "<group>";
		};
		EC8FE24C1EABE6EF00221952 /* View */ = {
			isa = PBXGroup;
			children = (
				ECECA5511EABFE7900D85AED /* PokemonCollectionViewCell.swift */,
				ECEB4E221EACE2D3009B5CDB /* RoundedCornersImageView.swift */,
			);
			name = View;
			sourceTree = "<group>";
		};
		EC8FE24D1EABE6F300221952 /* Model */ = {
			isa = PBXGroup;
			children = (
				EC8FE24E1EABE72F00221952 /* PokeAnnotation.swift */,
				ECECA5531EABFEFA00D85AED /* Pokemon.swift */,
			);
			name = Model;
			sourceTree = "<group>";
		};
		ECE344841EAAA6A2003EFCAD /* GeoFire */ = {
			isa = PBXGroup;
			children = (
				ECE344851EAAA6A2003EFCAD /* API */,
				ECE3448A1EAAA6A2003EFCAD /* GeoFire-Prefix.pch */,
				ECE3448B1EAAA6A2003EFCAD /* Implementation */,
			);
			path = GeoFire;
			sourceTree = "<group>";
		};
		ECE344851EAAA6A2003EFCAD /* API */ = {
			isa = PBXGroup;
			children = (
				ECE344861EAAA6A2003EFCAD /* GeoFire.h */,
				ECE344871EAAA6A2003EFCAD /* GFCircleQuery.h */,
				ECE344881EAAA6A2003EFCAD /* GFQuery.h */,
				ECE344891EAAA6A2003EFCAD /* GFRegionQuery.h */,
			);
			path = API;
			sourceTree = "<group>";
		};
		ECE3448B1EAAA6A2003EFCAD /* Implementation */ = {
			isa = PBXGroup;
			children = (
				ECE3448C1EAAA6A2003EFCAD /* GeoFire+Private.h */,
				ECE3448D1EAAA6A2003EFCAD /* GeoFire.m */,
				ECE3448E1EAAA6A2003EFCAD /* GFBase32Utils.h */,
				ECE3448F1EAAA6A2003EFCAD /* GFBase32Utils.m */,
				ECE344901EAAA6A2003EFCAD /* GFGeoHash.h */,
				ECE344911EAAA6A2003EFCAD /* GFGeoHash.m */,
				ECE344921EAAA6A2003EFCAD /* GFGeoHashQuery.h */,
				ECE344931EAAA6A2003EFCAD /* GFGeoHashQuery.m */,
				ECE344941EAAA6A2003EFCAD /* GFQuery+Private.h */,
				ECE344951EAAA6A2003EFCAD /* GFQuery.m */,
			);
			path = Implementation;
			sourceTree = "<group>";
		};
		ECECA5551EAC00B300D85AED /* Util */ = {
			isa = PBXGroup;
			children = (
				ECECA5561EAC00C100D85AED /* Constants.swift */,
			);
			name = Util;
			sourceTree = "<group>";
		};
/* End PBXGroup section */

/* Begin PBXNativeTarget section */
		EC755CEF1EAAA244001638E2 /* PokeFinder */ = {
			isa = PBXNativeTarget;
			buildConfigurationList = EC755D021EAAA244001638E2 /* Build configuration list for PBXNativeTarget "PokeFinder" */;
			buildPhases = (
				CF2AEF6D0DA40B1788EF3B38 /* [CP] Check Pods Manifest.lock */,
				EC755CEC1EAAA244001638E2 /* Sources */,
				EC755CED1EAAA244001638E2 /* Frameworks */,
				EC755CEE1EAAA244001638E2 /* Resources */,
				2ABDF0A7AA11F6CDC19AC435 /* [CP] Embed Pods Frameworks */,
				C8EE8C724A620FF816ED10F3 /* [CP] Copy Pods Resources */,
			);
			buildRules = (
			);
			dependencies = (
			);
			name = PokeFinder;
			productName = PokeFinder;
			productReference = EC755CF01EAAA244001638E2 /* PokeFinder.app */;
			productType = "com.apple.product-type.application";
		};
/* End PBXNativeTarget section */

/* Begin PBXProject section */
		EC755CE81EAAA244001638E2 /* Project object */ = {
			isa = PBXProject;
			attributes = {
				LastSwiftUpdateCheck = 0830;
				LastUpgradeCheck = 0830;
				ORGANIZATIONNAME = "Per Dalsgaard";
				TargetAttributes = {
					EC755CEF1EAAA244001638E2 = {
						CreatedOnToolsVersion = 8.3.2;
						DevelopmentTeam = LFCTWR83LG;
						ProvisioningStyle = Automatic;
					};
				};
			};
			buildConfigurationList = EC755CEB1EAAA244001638E2 /* Build configuration list for PBXProject "PokeFinder" */;
			compatibilityVersion = "Xcode 3.2";
			developmentRegion = English;
			hasScannedForEncodings = 0;
			knownRegions = (
				en,
				Base,
			);
			mainGroup = EC755CE71EAAA244001638E2;
			productRefGroup = EC755CF11EAAA244001638E2 /* Products */;
			projectDirPath = "";
			projectRoot = "";
			targets = (
				EC755CEF1EAAA244001638E2 /* PokeFinder */,
			);
		};
/* End PBXProject section */

/* Begin PBXResourcesBuildPhase section */
		EC755CEE1EAAA244001638E2 /* Resources */ = {
			isa = PBXResourcesBuildPhase;
			buildActionMask = 2147483647;
			files = (
				EC755CFE1EAAA244001638E2 /* LaunchScreen.storyboard in Resources */,
				ECE4BCA51EAAA2B000915BF4 /* GoogleService-Info.plist in Resources */,
				EC755CFB1EAAA244001638E2 /* Assets.xcassets in Resources */,
				EC755CF91EAAA244001638E2 /* Main.storyboard in Resources */,
			);
			runOnlyForDeploymentPostprocessing = 0;
		};
/* End PBXResourcesBuildPhase section */

/* Begin PBXShellScriptBuildPhase section */
		2ABDF0A7AA11F6CDC19AC435 /* [CP] Embed Pods Frameworks */ = {
			isa = PBXShellScriptBuildPhase;
			buildActionMask = 2147483647;
			files = (
			);
			inputPaths = (
			);
			name = "[CP] Embed Pods Frameworks";
			outputPaths = (
			);
			runOnlyForDeploymentPostprocessing = 0;
			shellPath = /bin/sh;
			shellScript = "\"${SRCROOT}/Pods/Target Support Files/Pods-PokeFinder/Pods-PokeFinder-frameworks.sh\"\n";
			showEnvVarsInLog = 0;
		};
		C8EE8C724A620FF816ED10F3 /* [CP] Copy Pods Resources */ = {
			isa = PBXShellScriptBuildPhase;
			buildActionMask = 2147483647;
			files = (
			);
			inputPaths = (
			);
			name = "[CP] Copy Pods Resources";
			outputPaths = (
			);
			runOnlyForDeploymentPostprocessing = 0;
			shellPath = /bin/sh;
			shellScript = "\"${SRCROOT}/Pods/Target Support Files/Pods-PokeFinder/Pods-PokeFinder-resources.sh\"\n";
			showEnvVarsInLog = 0;
		};
		CF2AEF6D0DA40B1788EF3B38 /* [CP] Check Pods Manifest.lock */ = {
			isa = PBXShellScriptBuildPhase;
			buildActionMask = 2147483647;
			files = (
			);
			inputPaths = (
			);
			name = "[CP] Check Pods Manifest.lock";
			outputPaths = (
			);
			runOnlyForDeploymentPostprocessing = 0;
			shellPath = /bin/sh;
			shellScript = "diff \"${PODS_PODFILE_DIR_PATH}/Podfile.lock\" \"${PODS_ROOT}/Manifest.lock\" > /dev/null\nif [ $? != 0 ] ; then\n    # print error to STDERR\n    echo \"error: The sandbox is not in sync with the Podfile.lock. Run 'pod install' or update your CocoaPods installation.\" >&2\n    exit 1\nfi\n";
			showEnvVarsInLog = 0;
		};
/* End PBXShellScriptBuildPhase section */

/* Begin PBXSourcesBuildPhase section */
		EC755CEC1EAAA244001638E2 /* Sources */ = {
			isa = PBXSourcesBuildPhase;
			buildActionMask = 2147483647;
			files = (
				ECE344971EAAA6A2003EFCAD /* GFBase32Utils.m in Sources */,
				EC8FE24F1EABE72F00221952 /* PokeAnnotation.swift in Sources */,
				ECECA5501EABFC5300D85AED /* SelectPokemonViewController.swift in Sources */,
				EC755CF61EAAA244001638E2 /* ViewController.swift in Sources */,
				ECE344981EAAA6A2003EFCAD /* GFGeoHash.m in Sources */,
				EC755CF41EAAA244001638E2 /* AppDelegate.swift in Sources */,
				ECEB4E231EACE2D3009B5CDB /* RoundedCornersImageView.swift in Sources */,
				ECECA5541EABFEFA00D85AED /* Pokemon.swift in Sources */,
				ECE344961EAAA6A2003EFCAD /* GeoFire.m in Sources */,
				ECE344991EAAA6A2003EFCAD /* GFGeoHashQuery.m in Sources */,
				ECECA5521EABFE7900D85AED /* PokemonCollectionViewCell.swift in Sources */,
				ECE3449A1EAAA6A2003EFCAD /* GFQuery.m in Sources */,
				ECECA5571EAC00C100D85AED /* Constants.swift in Sources */,
			);
			runOnlyForDeploymentPostprocessing = 0;
		};
/* End PBXSourcesBuildPhase section */

/* Begin PBXVariantGroup section */
		EC755CF71EAAA244001638E2 /* Main.storyboard */ = {
			isa = PBXVariantGroup;
			children = (
				EC755CF81EAAA244001638E2 /* Base */,
			);
			name = Main.storyboard;
			sourceTree = "<group>";
		};
		EC755CFC1EAAA244001638E2 /* LaunchScreen.storyboard */ = {
			isa = PBXVariantGroup;
			children = (
				EC755CFD1EAAA244001638E2 /* Base */,
			);
			name = LaunchScreen.storyboard;
			sourceTree = "<group>";
		};
/* End PBXVariantGroup section */

/* Begin XCBuildConfiguration section */
		EC755D001EAAA244001638E2 /* Debug */ = {
			isa = XCBuildConfiguration;
			buildSettings = {
				ALWAYS_SEARCH_USER_PATHS = NO;
				CLANG_ANALYZER_NONNULL = YES;
				CLANG_ANALYZER_NUMBER_OBJECT_CONVERSION = YES_AGGRESSIVE;
				CLANG_CXX_LANGUAGE_STANDARD = "gnu++0x";
				CLANG_CXX_LIBRARY = "libc++";
				CLANG_ENABLE_MODULES = YES;
				CLANG_ENABLE_OBJC_ARC = YES;
				CLANG_WARN_BOOL_CONVERSION = YES;
				CLANG_WARN_CONSTANT_CONVERSION = YES;
				CLANG_WARN_DIRECT_OBJC_ISA_USAGE = YES_ERROR;
				CLANG_WARN_DOCUMENTATION_COMMENTS = YES;
				CLANG_WARN_EMPTY_BODY = YES;
				CLANG_WARN_ENUM_CONVERSION = YES;
				CLANG_WARN_INFINITE_RECURSION = YES;
				CLANG_WARN_INT_CONVERSION = YES;
				CLANG_WARN_OBJC_ROOT_CLASS = YES_ERROR;
				CLANG_WARN_SUSPICIOUS_MOVE = YES;
				CLANG_WARN_UNREACHABLE_CODE = YES;
				CLANG_WARN__DUPLICATE_METHOD_MATCH = YES;
				"CODE_SIGN_IDENTITY[sdk=iphoneos*]" = "iPhone Developer";
				COPY_PHASE_STRIP = NO;
				DEBUG_INFORMATION_FORMAT = dwarf;
				ENABLE_STRICT_OBJC_MSGSEND = YES;
				ENABLE_TESTABILITY = YES;
				GCC_C_LANGUAGE_STANDARD = gnu99;
				GCC_DYNAMIC_NO_PIC = NO;
				GCC_NO_COMMON_BLOCKS = YES;
				GCC_OPTIMIZATION_LEVEL = 0;
				GCC_PREPROCESSOR_DEFINITIONS = (
					"DEBUG=1",
					"$(inherited)",
				);
				GCC_WARN_64_TO_32_BIT_CONVERSION = YES;
				GCC_WARN_ABOUT_RETURN_TYPE = YES_ERROR;
				GCC_WARN_UNDECLARED_SELECTOR = YES;
				GCC_WARN_UNINITIALIZED_AUTOS = YES_AGGRESSIVE;
				GCC_WARN_UNUSED_FUNCTION = YES;
				GCC_WARN_UNUSED_VARIABLE = YES;
				IPHONEOS_DEPLOYMENT_TARGET = 10.3;
				MTL_ENABLE_DEBUG_INFO = YES;
				ONLY_ACTIVE_ARCH = YES;
				SDKROOT = iphoneos;
				SWIFT_ACTIVE_COMPILATION_CONDITIONS = DEBUG;
				SWIFT_OPTIMIZATION_LEVEL = "-Onone";
				TARGETED_DEVICE_FAMILY = "1,2";
			};
			name = Debug;
		};
		EC755D011EAAA244001638E2 /* Release */ = {
			isa = XCBuildConfiguration;
			buildSettings = {
				ALWAYS_SEARCH_USER_PATHS = NO;
				CLANG_ANALYZER_NONNULL = YES;
				CLANG_ANALYZER_NUMBER_OBJECT_CONVERSION = YES_AGGRESSIVE;
				CLANG_CXX_LANGUAGE_STANDARD = "gnu++0x";
				CLANG_CXX_LIBRARY = "libc++";
				CLANG_ENABLE_MODULES = YES;
				CLANG_ENABLE_OBJC_ARC = YES;
				CLANG_WARN_BOOL_CONVERSION = YES;
				CLANG_WARN_CONSTANT_CONVERSION = YES;
				CLANG_WARN_DIRECT_OBJC_ISA_USAGE = YES_ERROR;
				CLANG_WARN_DOCUMENTATION_COMMENTS = YES;
				CLANG_WARN_EMPTY_BODY = YES;
				CLANG_WARN_ENUM_CONVERSION = YES;
				CLANG_WARN_INFINITE_RECURSION = YES;
				CLANG_WARN_INT_CONVERSION = YES;
				CLANG_WARN_OBJC_ROOT_CLASS = YES_ERROR;
				CLANG_WARN_SUSPICIOUS_MOVE = YES;
				CLANG_WARN_UNREACHABLE_CODE = YES;
				CLANG_WARN__DUPLICATE_METHOD_MATCH = YES;
				"CODE_SIGN_IDENTITY[sdk=iphoneos*]" = "iPhone Developer";
				COPY_PHASE_STRIP = NO;
				DEBUG_INFORMATION_FORMAT = "dwarf-with-dsym";
				ENABLE_NS_ASSERTIONS = NO;
				ENABLE_STRICT_OBJC_MSGSEND = YES;
				GCC_C_LANGUAGE_STANDARD = gnu99;
				GCC_NO_COMMON_BLOCKS = YES;
				GCC_WARN_64_TO_32_BIT_CONVERSION = YES;
				GCC_WARN_ABOUT_RETURN_TYPE = YES_ERROR;
				GCC_WARN_UNDECLARED_SELECTOR = YES;
				GCC_WARN_UNINITIALIZED_AUTOS = YES_AGGRESSIVE;
				GCC_WARN_UNUSED_FUNCTION = YES;
				GCC_WARN_UNUSED_VARIABLE = YES;
				IPHONEOS_DEPLOYMENT_TARGET = 10.3;
				MTL_ENABLE_DEBUG_INFO = NO;
				SDKROOT = iphoneos;
				SWIFT_OPTIMIZATION_LEVEL = "-Owholemodule";
				TARGETED_DEVICE_FAMILY = "1,2";
				VALIDATE_PRODUCT = YES;
			};
			name = Release;
		};
		EC755D031EAAA244001638E2 /* Debug */ = {
			isa = XCBuildConfiguration;
			baseConfigurationReference = 14CEAD8A0B5F376749D5249F /* Pods-PokeFinder.debug.xcconfig */;
			buildSettings = {
				ASSETCATALOG_COMPILER_APPICON_NAME = AppIcon;
				DEVELOPMENT_TEAM = LFCTWR83LG;
				INFOPLIST_FILE = PokeFinder/Info.plist;
				LD_RUNPATH_SEARCH_PATHS = "$(inherited) @executable_path/Frameworks";
				PRODUCT_BUNDLE_IDENTIFIER = dk.codeph.PokeFinder;
				PRODUCT_NAME = "$(TARGET_NAME)";
				SWIFT_OBJC_BRIDGING_HEADER = "PokeFinder/PokeFinder-Bridging-Header.h";
				SWIFT_VERSION = 3.0;
			};
			name = Debug;
		};
		EC755D041EAAA244001638E2 /* Release */ = {
			isa = XCBuildConfiguration;
			baseConfigurationReference = EA51E20061E8770F3CBBF5B5 /* Pods-PokeFinder.release.xcconfig */;
			buildSettings = {
				ASSETCATALOG_COMPILER_APPICON_NAME = AppIcon;
				DEVELOPMENT_TEAM = LFCTWR83LG;
				INFOPLIST_FILE = PokeFinder/Info.plist;
				LD_RUNPATH_SEARCH_PATHS = "$(inherited) @executable_path/Frameworks";
				PRODUCT_BUNDLE_IDENTIFIER = dk.codeph.PokeFinder;
				PRODUCT_NAME = "$(TARGET_NAME)";
				SWIFT_OBJC_BRIDGING_HEADER = "PokeFinder/PokeFinder-Bridging-Header.h";
				SWIFT_VERSION = 3.0;
			};
			name = Release;
		};
/* End XCBuildConfiguration section */

/* Begin XCConfigurationList section */
		EC755CEB1EAAA244001638E2 /* Build configuration list for PBXProject "PokeFinder" */ = {
			isa = XCConfigurationList;
			buildConfigurations = (
				EC755D001EAAA244001638E2 /* Debug */,
				EC755D011EAAA244001638E2 /* Release */,
			);
			defaultConfigurationIsVisible = 0;
			defaultConfigurationName = Release;
		};
		EC755D021EAAA244001638E2 /* Build configuration list for PBXNativeTarget "PokeFinder" */ = {
			isa = XCConfigurationList;
			buildConfigurations = (
				EC755D031EAAA244001638E2 /* Debug */,
				EC755D041EAAA244001638E2 /* Release */,
			);
			defaultConfigurationIsVisible = 0;
			defaultConfigurationName = Release;
		};
/* End XCConfigurationList section */
	};
	rootObject = EC755CE81EAAA244001638E2 /* Project object */;
}
