// !$*UTF8*$!
{
	archiveVersion = 1;
	classes = {
	};
	objectVersion = 46;
	objects = {

/* Begin PBXBuildFile section */
		EC2989601E998847002B2282 /* MaterialView.swift in Sources */ = {isa = PBXBuildFile; fileRef = EC29895F1E998847002B2282 /* MaterialView.swift */; };
		EC2989621E999009002B2282 /* ItemTableViewCell.swift in Sources */ = {isa = PBXBuildFile; fileRef = EC2989611E999009002B2282 /* ItemTableViewCell.swift */; };
		ECE3ADC21E9BE3F800EF1630 /* ItemDetailsViewController.swift in Sources */ = {isa = PBXBuildFile; fileRef = ECE3ADC11E9BE3F800EF1630 /* ItemDetailsViewController.swift */; };
		ECE3ADC41E9C0D2C00EF1630 /* CustomTextField.swift in Sources */ = {isa = PBXBuildFile; fileRef = ECE3ADC31E9C0D2C00EF1630 /* CustomTextField.swift */; };
		ECEF34D81E992189004760BE /* AppDelegate.swift in Sources */ = {isa = PBXBuildFile; fileRef = ECEF34D71E992189004760BE /* AppDelegate.swift */; };
		ECEF34DA1E992189004760BE /* MainViewController.swift in Sources */ = {isa = PBXBuildFile; fileRef = ECEF34D91E992189004760BE /* MainViewController.swift */; };
		ECEF34DD1E992189004760BE /* Main.storyboard in Resources */ = {isa = PBXBuildFile; fileRef = ECEF34DB1E992189004760BE /* Main.storyboard */; };
		ECEF34E01E992189004760BE /* DreamLister.xcdatamodeld in Sources */ = {isa = PBXBuildFile; fileRef = ECEF34DE1E992189004760BE /* DreamLister.xcdatamodeld */; };
		ECEF34E21E992189004760BE /* Assets.xcassets in Resources */ = {isa = PBXBuildFile; fileRef = ECEF34E11E992189004760BE /* Assets.xcassets */; };
		ECEF34E51E992189004760BE /* LaunchScreen.storyboard in Resources */ = {isa = PBXBuildFile; fileRef = ECEF34E31E992189004760BE /* LaunchScreen.storyboard */; };
/* End PBXBuildFile section */

/* Begin PBXFileReference section */
		EC29895F1E998847002B2282 /* MaterialView.swift */ = {isa = PBXFileReference; fileEncoding = 4; lastKnownFileType = sourcecode.swift; path = MaterialView.swift; sourceTree = "<group>"; };
		EC2989611E999009002B2282 /* ItemTableViewCell.swift */ = {isa = PBXFileReference; fileEncoding = 4; lastKnownFileType = sourcecode.swift; path = ItemTableViewCell.swift; sourceTree = "<group>"; };
		ECE3ADC11E9BE3F800EF1630 /* ItemDetailsViewController.swift */ = {isa = PBXFileReference; fileEncoding = 4; lastKnownFileType = sourcecode.swift; path = ItemDetailsViewController.swift; sourceTree = "<group>"; };
		ECE3ADC31E9C0D2C00EF1630 /* CustomTextField.swift */ = {isa = PBXFileReference; fileEncoding = 4; lastKnownFileType = sourcecode.swift; path = CustomTextField.swift; sourceTree = "<group>"; };
		ECEF34D41E992189004760BE /* DreamLister.app */ = {isa = PBXFileReference; explicitFileType = wrapper.application; includeInIndex = 0; path = DreamLister.app; sourceTree = BUILT_PRODUCTS_DIR; };
		ECEF34D71E992189004760BE /* AppDelegate.swift */ = {isa = PBXFileReference; lastKnownFileType = sourcecode.swift; path = AppDelegate.swift; sourceTree = "<group>"; };
		ECEF34D91E992189004760BE /* MainViewController.swift */ = {isa = PBXFileReference; lastKnownFileType = sourcecode.swift; path = MainViewController.swift; sourceTree = "<group>"; };
		ECEF34DC1E992189004760BE /* Base */ = {isa = PBXFileReference; lastKnownFileType = file.storyboard; name = Base; path = Base.lproj/Main.storyboard; sourceTree = "<group>"; };
		ECEF34DF1E992189004760BE /* DreamLister.xcdatamodel */ = {isa = PBXFileReference; lastKnownFileType = wrapper.xcdatamodel; path = DreamLister.xcdatamodel; sourceTree = "<group>"; };
		ECEF34E11E992189004760BE /* Assets.xcassets */ = {isa = PBXFileReference; lastKnownFileType = folder.assetcatalog; path = Assets.xcassets; sourceTree = "<group>"; };
		ECEF34E41E992189004760BE /* Base */ = {isa = PBXFileReference; lastKnownFileType = file.storyboard; name = Base; path = Base.lproj/LaunchScreen.storyboard; sourceTree = "<group>"; };
		ECEF34E61E992189004760BE /* Info.plist */ = {isa = PBXFileReference; lastKnownFileType = text.plist.xml; path = Info.plist; sourceTree = "<group>"; };
/* End PBXFileReference section */

/* Begin PBXFrameworksBuildPhase section */
		ECEF34D11E992189004760BE /* Frameworks */ = {
			isa = PBXFrameworksBuildPhase;
			buildActionMask = 2147483647;
			files = (
			);
			runOnlyForDeploymentPostprocessing = 0;
		};
/* End PBXFrameworksBuildPhase section */

/* Begin PBXGroup section */
		EC29895C1E998689002B2282 /* Controller */ = {
			isa = PBXGroup;
			children = (
				ECEF34D91E992189004760BE /* MainViewController.swift */,
				ECE3ADC11E9BE3F800EF1630 /* ItemDetailsViewController.swift */,
			);
			name = Controller;
			sourceTree = "<group>";
		};
		EC29895D1E99868E002B2282 /* View */ = {
			isa = PBXGroup;
			children = (
				ECE3ADC31E9C0D2C00EF1630 /* CustomTextField.swift */,
				EC29895F1E998847002B2282 /* MaterialView.swift */,
				EC2989611E999009002B2282 /* ItemTableViewCell.swift */,
			);
			name = View;
			sourceTree = "<group>";
		};
		EC29895E1E998694002B2282 /* Model */ = {
			isa = PBXGroup;
			children = (
			);
			name = Model;
			sourceTree = "<group>";
		};
		ECEF34CB1E992189004760BE = {
			isa = PBXGroup;
			children = (
				ECEF34D61E992189004760BE /* DreamLister */,
				ECEF34D51E992189004760BE /* Products */,
			);
			sourceTree = "<group>";
		};
		ECEF34D51E992189004760BE /* Products */ = {
			isa = PBXGroup;
			children = (
				ECEF34D41E992189004760BE /* DreamLister.app */,
			);
			name = Products;
			sourceTree = "<group>";
		};
		ECEF34D61E992189004760BE /* DreamLister */ = {
			isa = PBXGroup;
			children = (
				EC29895E1E998694002B2282 /* Model */,
				EC29895D1E99868E002B2282 /* View */,
				EC29895C1E998689002B2282 /* Controller */,
				ECEF34D71E992189004760BE /* AppDelegate.swift */,
				ECEF34DB1E992189004760BE /* Main.storyboard */,
				ECEF34E11E992189004760BE /* Assets.xcassets */,
				ECEF34E31E992189004760BE /* LaunchScreen.storyboard */,
				ECEF34E61E992189004760BE /* Info.plist */,
				ECEF34DE1E992189004760BE /* DreamLister.xcdatamodeld */,
			);
			path = DreamLister;
			sourceTree = "<group>";
		};
/* End PBXGroup section */

/* Begin PBXNativeTarget section */
		ECEF34D31E992189004760BE /* DreamLister */ = {
			isa = PBXNativeTarget;
			buildConfigurationList = ECEF34E91E992189004760BE /* Build configuration list for PBXNativeTarget "DreamLister" */;
			buildPhases = (
				ECEF34D01E992189004760BE /* Sources */,
				ECEF34D11E992189004760BE /* Frameworks */,
				ECEF34D21E992189004760BE /* Resources */,
			);
			buildRules = (
			);
			dependencies = (
			);
			name = DreamLister;
			productName = DreamLister;
			productReference = ECEF34D41E992189004760BE /* DreamLister.app */;
			productType = "com.apple.product-type.application";
		};
/* End PBXNativeTarget section */

/* Begin PBXProject section */
		ECEF34CC1E992189004760BE /* Project object */ = {
			isa = PBXProject;
			attributes = {
				LastSwiftUpdateCheck = 0810;
				LastUpgradeCheck = 0810;
				ORGANIZATIONNAME = "Per Dalsgaard";
				TargetAttributes = {
					ECEF34D31E992189004760BE = {
						CreatedOnToolsVersion = 8.1;
						ProvisioningStyle = Automatic;
					};
				};
			};
			buildConfigurationList = ECEF34CF1E992189004760BE /* Build configuration list for PBXProject "DreamLister" */;
			compatibilityVersion = "Xcode 3.2";
			developmentRegion = English;
			hasScannedForEncodings = 0;
			knownRegions = (
				en,
				Base,
			);
			mainGroup = ECEF34CB1E992189004760BE;
			productRefGroup = ECEF34D51E992189004760BE /* Products */;
			projectDirPath = "";
			projectRoot = "";
			targets = (
				ECEF34D31E992189004760BE /* DreamLister */,
			);
		};
/* End PBXProject section */

/* Begin PBXResourcesBuildPhase section */
		ECEF34D21E992189004760BE /* Resources */ = {
			isa = PBXResourcesBuildPhase;
			buildActionMask = 2147483647;
			files = (
				ECEF34E51E992189004760BE /* LaunchScreen.storyboard in Resources */,
				ECEF34E21E992189004760BE /* Assets.xcassets in Resources */,
				ECEF34DD1E992189004760BE /* Main.storyboard in Resources */,
			);
			runOnlyForDeploymentPostprocessing = 0;
		};
/* End PBXResourcesBuildPhase section */

/* Begin PBXSourcesBuildPhase section */
		ECEF34D01E992189004760BE /* Sources */ = {
			isa = PBXSourcesBuildPhase;
			buildActionMask = 2147483647;
			files = (
				ECE3ADC41E9C0D2C00EF1630 /* CustomTextField.swift in Sources */,
				ECEF34DA1E992189004760BE /* MainViewController.swift in Sources */,
				ECEF34D81E992189004760BE /* AppDelegate.swift in Sources */,
				ECE3ADC21E9BE3F800EF1630 /* ItemDetailsViewController.swift in Sources */,
				EC2989621E999009002B2282 /* ItemTableViewCell.swift in Sources */,
				ECEF34E01E992189004760BE /* DreamLister.xcdatamodeld in Sources */,
				EC2989601E998847002B2282 /* MaterialView.swift in Sources */,
			);
			runOnlyForDeploymentPostprocessing = 0;
		};
/* End PBXSourcesBuildPhase section */

/* Begin PBXVariantGroup section */
		ECEF34DB1E992189004760BE /* Main.storyboard */ = {
			isa = PBXVariantGroup;
			children = (
				ECEF34DC1E992189004760BE /* Base */,
			);
			name = Main.storyboard;
			sourceTree = "<group>";
		};
		ECEF34E31E992189004760BE /* LaunchScreen.storyboard */ = {
			isa = PBXVariantGroup;
			children = (
				ECEF34E41E992189004760BE /* Base */,
			);
			name = LaunchScreen.storyboard;
			sourceTree = "<group>";
		};
/* End PBXVariantGroup section */

/* Begin XCBuildConfiguration section */
		ECEF34E71E992189004760BE /* Debug */ = {
			isa = XCBuildConfiguration;
			buildSettings = {
				ALWAYS_SEARCH_USER_PATHS = NO;
				CLANG_ANALYZER_NONNULL = YES;
				CLANG_CXX_LANGUAGE_STANDARD = "gnu++0x";
				CLANG_CXX_LIBRARY = "libc++";
				CLANG_ENABLE_MODULES = YES;
				CLANG_ENABLE_OBJC_ARC = YES;
				CLANG_WARN_BOOL_CONVERSION = YES;
				CLANG_WARN_CONSTANT_CONVERSION = YES;
				CLANG_WARN_DIRECT_OBJC_ISA_USAGE = YES_ERROR;
				CLANG_WARN_DOCUMENTATION_COMMENTS = YES;
				CLANG_WARN_EMPTY_BODY = YES;
				CLANG_WARN_ENUM_CONVERSION = YES;
				CLANG_WARN_INFINITE_RECURSION = YES;
				CLANG_WARN_INT_CONVERSION = YES;
				CLANG_WARN_OBJC_ROOT_CLASS = YES_ERROR;
				CLANG_WARN_SUSPICIOUS_MOVES = YES;
				CLANG_WARN_UNREACHABLE_CODE = YES;
				CLANG_WARN__DUPLICATE_METHOD_MATCH = YES;
				"CODE_SIGN_IDENTITY[sdk=iphoneos*]" = "iPhone Developer";
				COPY_PHASE_STRIP = NO;
				DEBUG_INFORMATION_FORMAT = dwarf;
				ENABLE_STRICT_OBJC_MSGSEND = YES;
				ENABLE_TESTABILITY = YES;
				GCC_C_LANGUAGE_STANDARD = gnu99;
				GCC_DYNAMIC_NO_PIC = NO;
				GCC_NO_COMMON_BLOCKS = YES;
				GCC_OPTIMIZATION_LEVEL = 0;
				GCC_PREPROCESSOR_DEFINITIONS = (
					"DEBUG=1",
					"$(inherited)",
				);
				GCC_WARN_64_TO_32_BIT_CONVERSION = YES;
				GCC_WARN_ABOUT_RETURN_TYPE = YES_ERROR;
				GCC_WARN_UNDECLARED_SELECTOR = YES;
				GCC_WARN_UNINITIALIZED_AUTOS = YES_AGGRESSIVE;
				GCC_WARN_UNUSED_FUNCTION = YES;
				GCC_WARN_UNUSED_VARIABLE = YES;
				IPHONEOS_DEPLOYMENT_TARGET = 10.1;
				MTL_ENABLE_DEBUG_INFO = YES;
				ONLY_ACTIVE_ARCH = YES;
				SDKROOT = iphoneos;
				SWIFT_ACTIVE_COMPILATION_CONDITIONS = DEBUG;
				SWIFT_OPTIMIZATION_LEVEL = "-Onone";
				TARGETED_DEVICE_FAMILY = "1,2";
			};
			name = Debug;
		};
		ECEF34E81E992189004760BE /* Release */ = {
			isa = XCBuildConfiguration;
			buildSettings = {
				ALWAYS_SEARCH_USER_PATHS = NO;
				CLANG_ANALYZER_NONNULL = YES;
				CLANG_CXX_LANGUAGE_STANDARD = "gnu++0x";
				CLANG_CXX_LIBRARY = "libc++";
				CLANG_ENABLE_MODULES = YES;
				CLANG_ENABLE_OBJC_ARC = YES;
				CLANG_WARN_BOOL_CONVERSION = YES;
				CLANG_WARN_CONSTANT_CONVERSION = YES;
				CLANG_WARN_DIRECT_OBJC_ISA_USAGE = YES_ERROR;
				CLANG_WARN_DOCUMENTATION_COMMENTS = YES;
				CLANG_WARN_EMPTY_BODY = YES;
				CLANG_WARN_ENUM_CONVERSION = YES;
				CLANG_WARN_INFINITE_RECURSION = YES;
				CLANG_WARN_INT_CONVERSION = YES;
				CLANG_WARN_OBJC_ROOT_CLASS = YES_ERROR;
				CLANG_WARN_SUSPICIOUS_MOVES = YES;
				CLANG_WARN_UNREACHABLE_CODE = YES;
				CLANG_WARN__DUPLICATE_METHOD_MATCH = YES;
				"CODE_SIGN_IDENTITY[sdk=iphoneos*]" = "iPhone Developer";
				COPY_PHASE_STRIP = NO;
				DEBUG_INFORMATION_FORMAT = "dwarf-with-dsym";
				ENABLE_NS_ASSERTIONS = NO;
				ENABLE_STRICT_OBJC_MSGSEND = YES;
				GCC_C_LANGUAGE_STANDARD = gnu99;
				GCC_NO_COMMON_BLOCKS = YES;
				GCC_WARN_64_TO_32_BIT_CONVERSION = YES;
				GCC_WARN_ABOUT_RETURN_TYPE = YES_ERROR;
				GCC_WARN_UNDECLARED_SELECTOR = YES;
				GCC_WARN_UNINITIALIZED_AUTOS = YES_AGGRESSIVE;
				GCC_WARN_UNUSED_FUNCTION = YES;
				GCC_WARN_UNUSED_VARIABLE = YES;
				IPHONEOS_DEPLOYMENT_TARGET = 10.1;
				MTL_ENABLE_DEBUG_INFO = NO;
				SDKROOT = iphoneos;
				SWIFT_OPTIMIZATION_LEVEL = "-Owholemodule";
				TARGETED_DEVICE_FAMILY = "1,2";
				VALIDATE_PRODUCT = YES;
			};
			name = Release;
		};
		ECEF34EA1E992189004760BE /* Debug */ = {
			isa = XCBuildConfiguration;
			buildSettings = {
				ASSETCATALOG_COMPILER_APPICON_NAME = AppIcon;
				INFOPLIST_FILE = DreamLister/Info.plist;
				LD_RUNPATH_SEARCH_PATHS = "$(inherited) @executable_path/Frameworks";
				PRODUCT_BUNDLE_IDENTIFIER = dk.codeph.DreamLister;
				PRODUCT_NAME = "$(TARGET_NAME)";
				SWIFT_VERSION = 3.0;
			};
			name = Debug;
		};
		ECEF34EB1E992189004760BE /* Release */ = {
			isa = XCBuildConfiguration;
			buildSettings = {
				ASSETCATALOG_COMPILER_APPICON_NAME = AppIcon;
				INFOPLIST_FILE = DreamLister/Info.plist;
				LD_RUNPATH_SEARCH_PATHS = "$(inherited) @executable_path/Frameworks";
				PRODUCT_BUNDLE_IDENTIFIER = dk.codeph.DreamLister;
				PRODUCT_NAME = "$(TARGET_NAME)";
				SWIFT_VERSION = 3.0;
			};
			name = Release;
		};
/* End XCBuildConfiguration section */

/* Begin XCConfigurationList section */
		ECEF34CF1E992189004760BE /* Build configuration list for PBXProject "DreamLister" */ = {
			isa = XCConfigurationList;
			buildConfigurations = (
				ECEF34E71E992189004760BE /* Debug */,
				ECEF34E81E992189004760BE /* Release */,
			);
			defaultConfigurationIsVisible = 0;
			defaultConfigurationName = Release;
		};
		ECEF34E91E992189004760BE /* Build configuration list for PBXNativeTarget "DreamLister" */ = {
			isa = XCConfigurationList;
			buildConfigurations = (
				ECEF34EA1E992189004760BE /* Debug */,
				ECEF34EB1E992189004760BE /* Release */,
			);
			defaultConfigurationIsVisible = 0;
			defaultConfigurationName = Release;
		};
/* End XCConfigurationList section */

/* Begin XCVersionGroup section */
		ECEF34DE1E992189004760BE /* DreamLister.xcdatamodeld */ = {
			isa = XCVersionGroup;
			children = (
				ECEF34DF1E992189004760BE /* DreamLister.xcdatamodel */,
			);
			currentVersion = ECEF34DF1E992189004760BE /* DreamLister.xcdatamodel */;
			path = DreamLister.xcdatamodeld;
			sourceTree = "<group>";
			versionGroupType = wrapper.xcdatamodel;
		};
/* End XCVersionGroup section */
	};
	rootObject = ECEF34CC1E992189004760BE /* Project object */;
}
