// !$*UTF8*$!
{
	archiveVersion = 1;
	classes = {
	};
	objectVersion = 46;
	objects = {

/* Begin PBXBuildFile section */
		EC1E15F91EC7A4F1007E16C6 /* HttpService.m in Sources */ = {isa = PBXBuildFile; fileRef = EC1E15F81EC7A4F1007E16C6 /* HttpService.m */; };
		EC1E15FF1ECA4CEC007E16C6 /* VideoTableViewCell.m in Sources */ = {isa = PBXBuildFile; fileRef = EC1E15FE1ECA4CEC007E16C6 /* VideoTableViewCell.m */; };
		EC1E16021ECB9CA5007E16C6 /* Video.m in Sources */ = {isa = PBXBuildFile; fileRef = EC1E16011ECB9CA5007E16C6 /* Video.m */; };
		EC1E16051ECB9F5B007E16C6 /* TestTableViewController.m in Sources */ = {isa = PBXBuildFile; fileRef = EC1E16041ECB9F5B007E16C6 /* TestTableViewController.m */; };
		EC5212431EC511AE00EA25B3 /* main.m in Sources */ = {isa = PBXBuildFile; fileRef = EC5212421EC511AE00EA25B3 /* main.m */; };
		EC5212461EC511AE00EA25B3 /* AppDelegate.m in Sources */ = {isa = PBXBuildFile; fileRef = EC5212451EC511AE00EA25B3 /* AppDelegate.m */; };
		EC5212491EC511AE00EA25B3 /* ViewController.m in Sources */ = {isa = PBXBuildFile; fileRef = EC5212481EC511AE00EA25B3 /* ViewController.m */; };
		EC52124C1EC511AE00EA25B3 /* Main.storyboard in Resources */ = {isa = PBXBuildFile; fileRef = EC52124A1EC511AE00EA25B3 /* Main.storyboard */; };
		EC52124E1EC511AE00EA25B3 /* Assets.xcassets in Resources */ = {isa = PBXBuildFile; fileRef = EC52124D1EC511AE00EA25B3 /* Assets.xcassets */; };
		EC5212511EC511AE00EA25B3 /* LaunchScreen.storyboard in Resources */ = {isa = PBXBuildFile; fileRef = EC52124F1EC511AE00EA25B3 /* LaunchScreen.storyboard */; };
/* End PBXBuildFile section */

/* Begin PBXFileReference section */
		EC1E15F71EC7A4F1007E16C6 /* HttpService.h */ = {isa = PBXFileReference; fileEncoding = 4; lastKnownFileType = sourcecode.c.h; path = HttpService.h; sourceTree = "<group>"; };
		EC1E15F81EC7A4F1007E16C6 /* HttpService.m */ = {isa = PBXFileReference; fileEncoding = 4; lastKnownFileType = sourcecode.c.objc; path = HttpService.m; sourceTree = "<group>"; };
		EC1E15FD1ECA4CEC007E16C6 /* VideoTableViewCell.h */ = {isa = PBXFileReference; fileEncoding = 4; lastKnownFileType = sourcecode.c.h; path = VideoTableViewCell.h; sourceTree = "<group>"; };
		EC1E15FE1ECA4CEC007E16C6 /* VideoTableViewCell.m */ = {isa = PBXFileReference; fileEncoding = 4; lastKnownFileType = sourcecode.c.objc; path = VideoTableViewCell.m; sourceTree = "<group>"; };
		EC1E16001ECB9CA4007E16C6 /* Video.h */ = {isa = PBXFileReference; fileEncoding = 4; lastKnownFileType = sourcecode.c.h; path = Video.h; sourceTree = "<group>"; };
		EC1E16011ECB9CA5007E16C6 /* Video.m */ = {isa = PBXFileReference; fileEncoding = 4; lastKnownFileType = sourcecode.c.objc; path = Video.m; sourceTree = "<group>"; };
		EC1E16031ECB9F5B007E16C6 /* TestTableViewController.h */ = {isa = PBXFileReference; fileEncoding = 4; lastKnownFileType = sourcecode.c.h; path = TestTableViewController.h; sourceTree = "<group>"; };
		EC1E16041ECB9F5B007E16C6 /* TestTableViewController.m */ = {isa = PBXFileReference; fileEncoding = 4; lastKnownFileType = sourcecode.c.objc; path = TestTableViewController.m; sourceTree = "<group>"; };
		EC52123E1EC511AE00EA25B3 /* DevslopesTutorials.app */ = {isa = PBXFileReference; explicitFileType = wrapper.application; includeInIndex = 0; path = DevslopesTutorials.app; sourceTree = BUILT_PRODUCTS_DIR; };
		EC5212421EC511AE00EA25B3 /* main.m */ = {isa = PBXFileReference; lastKnownFileType = sourcecode.c.objc; path = main.m; sourceTree = "<group>"; };
		EC5212441EC511AE00EA25B3 /* AppDelegate.h */ = {isa = PBXFileReference; lastKnownFileType = sourcecode.c.h; path = AppDelegate.h; sourceTree = "<group>"; };
		EC5212451EC511AE00EA25B3 /* AppDelegate.m */ = {isa = PBXFileReference; lastKnownFileType = sourcecode.c.objc; path = AppDelegate.m; sourceTree = "<group>"; };
		EC5212471EC511AE00EA25B3 /* ViewController.h */ = {isa = PBXFileReference; lastKnownFileType = sourcecode.c.h; path = ViewController.h; sourceTree = "<group>"; };
		EC5212481EC511AE00EA25B3 /* ViewController.m */ = {isa = PBXFileReference; lastKnownFileType = sourcecode.c.objc; path = ViewController.m; sourceTree = "<group>"; };
		EC52124B1EC511AE00EA25B3 /* Base */ = {isa = PBXFileReference; lastKnownFileType = file.storyboard; name = Base; path = Base.lproj/Main.storyboard; sourceTree = "<group>"; };
		EC52124D1EC511AE00EA25B3 /* Assets.xcassets */ = {isa = PBXFileReference; lastKnownFileType = folder.assetcatalog; path = Assets.xcassets; sourceTree = "<group>"; };
		EC5212501EC511AE00EA25B3 /* Base */ = {isa = PBXFileReference; lastKnownFileType = file.storyboard; name = Base; path = Base.lproj/LaunchScreen.storyboard; sourceTree = "<group>"; };
		EC5212521EC511AE00EA25B3 /* Info.plist */ = {isa = PBXFileReference; lastKnownFileType = text.plist.xml; path = Info.plist; sourceTree = "<group>"; };
/* End PBXFileReference section */

/* Begin PBXFrameworksBuildPhase section */
		EC52123B1EC511AE00EA25B3 /* Frameworks */ = {
			isa = PBXFrameworksBuildPhase;
			buildActionMask = 2147483647;
			files = (
			);
			runOnlyForDeploymentPostprocessing = 0;
		};
/* End PBXFrameworksBuildPhase section */

/* Begin PBXGroup section */
		EC1E15F61EC7A4DC007E16C6 /* Services */ = {
			isa = PBXGroup;
			children = (
				EC1E15F71EC7A4F1007E16C6 /* HttpService.h */,
				EC1E15F81EC7A4F1007E16C6 /* HttpService.m */,
			);
			name = Services;
			sourceTree = "<group>";
		};
		EC1E15FA1ECA4CB3007E16C6 /* Controller */ = {
			isa = PBXGroup;
			children = (
				EC5212471EC511AE00EA25B3 /* ViewController.h */,
				EC5212481EC511AE00EA25B3 /* ViewController.m */,
				EC1E16031ECB9F5B007E16C6 /* TestTableViewController.h */,
				EC1E16041ECB9F5B007E16C6 /* TestTableViewController.m */,
			);
			name = Controller;
			sourceTree = "<group>";
		};
		EC1E15FB1ECA4CB5007E16C6 /* View */ = {
			isa = PBXGroup;
			children = (
				EC1E15FD1ECA4CEC007E16C6 /* VideoTableViewCell.h */,
				EC1E15FE1ECA4CEC007E16C6 /* VideoTableViewCell.m */,
			);
			name = View;
			sourceTree = "<group>";
		};
		EC1E15FC1ECA4CB6007E16C6 /* Model */ = {
			isa = PBXGroup;
			children = (
				EC1E16001ECB9CA4007E16C6 /* Video.h */,
				EC1E16011ECB9CA5007E16C6 /* Video.m */,
			);
			name = Model;
			sourceTree = "<group>";
		};
		EC5212351EC511AE00EA25B3 = {
			isa = PBXGroup;
			children = (
				EC5212401EC511AE00EA25B3 /* DevslopesTutorials */,
				EC52123F1EC511AE00EA25B3 /* Products */,
			);
			sourceTree = "<group>";
		};
		EC52123F1EC511AE00EA25B3 /* Products */ = {
			isa = PBXGroup;
			children = (
				EC52123E1EC511AE00EA25B3 /* DevslopesTutorials.app */,
			);
			name = Products;
			sourceTree = "<group>";
		};
		EC5212401EC511AE00EA25B3 /* DevslopesTutorials */ = {
			isa = PBXGroup;
			children = (
				EC1E15FC1ECA4CB6007E16C6 /* Model */,
				EC1E15FB1ECA4CB5007E16C6 /* View */,
				EC1E15FA1ECA4CB3007E16C6 /* Controller */,
				EC1E15F61EC7A4DC007E16C6 /* Services */,
				EC5212441EC511AE00EA25B3 /* AppDelegate.h */,
				EC5212451EC511AE00EA25B3 /* AppDelegate.m */,
				EC52124A1EC511AE00EA25B3 /* Main.storyboard */,
				EC52124D1EC511AE00EA25B3 /* Assets.xcassets */,
				EC52124F1EC511AE00EA25B3 /* LaunchScreen.storyboard */,
				EC5212521EC511AE00EA25B3 /* Info.plist */,
				EC5212411EC511AE00EA25B3 /* Supporting Files */,
			);
			path = DevslopesTutorials;
			sourceTree = "<group>";
		};
		EC5212411EC511AE00EA25B3 /* Supporting Files */ = {
			isa = PBXGroup;
			children = (
				EC5212421EC511AE00EA25B3 /* main.m */,
			);
			name = "Supporting Files";
			sourceTree = "<group>";
		};
/* End PBXGroup section */

/* Begin PBXNativeTarget section */
		EC52123D1EC511AE00EA25B3 /* DevslopesTutorials */ = {
			isa = PBXNativeTarget;
			buildConfigurationList = EC5212551EC511AE00EA25B3 /* Build configuration list for PBXNativeTarget "DevslopesTutorials" */;
			buildPhases = (
				EC52123A1EC511AE00EA25B3 /* Sources */,
				EC52123B1EC511AE00EA25B3 /* Frameworks */,
				EC52123C1EC511AE00EA25B3 /* Resources */,
			);
			buildRules = (
			);
			dependencies = (
			);
			name = DevslopesTutorials;
			productName = DevslopesTutorials;
			productReference = EC52123E1EC511AE00EA25B3 /* DevslopesTutorials.app */;
			productType = "com.apple.product-type.application";
		};
/* End PBXNativeTarget section */

/* Begin PBXProject section */
		EC5212361EC511AE00EA25B3 /* Project object */ = {
			isa = PBXProject;
			attributes = {
				LastUpgradeCheck = 0830;
				ORGANIZATIONNAME = "Per Dalsgaard";
				TargetAttributes = {
					EC52123D1EC511AE00EA25B3 = {
						CreatedOnToolsVersion = 8.3.2;
						DevelopmentTeam = LFCTWR83LG;
						ProvisioningStyle = Automatic;
					};
				};
			};
			buildConfigurationList = EC5212391EC511AE00EA25B3 /* Build configuration list for PBXProject "DevslopesTutorials" */;
			compatibilityVersion = "Xcode 3.2";
			developmentRegion = English;
			hasScannedForEncodings = 0;
			knownRegions = (
				en,
				Base,
			);
			mainGroup = EC5212351EC511AE00EA25B3;
			productRefGroup = EC52123F1EC511AE00EA25B3 /* Products */;
			projectDirPath = "";
			projectRoot = "";
			targets = (
				EC52123D1EC511AE00EA25B3 /* DevslopesTutorials */,
			);
		};
/* End PBXProject section */

/* Begin PBXResourcesBuildPhase section */
		EC52123C1EC511AE00EA25B3 /* Resources */ = {
			isa = PBXResourcesBuildPhase;
			buildActionMask = 2147483647;
			files = (
				EC5212511EC511AE00EA25B3 /* LaunchScreen.storyboard in Resources */,
				EC52124E1EC511AE00EA25B3 /* Assets.xcassets in Resources */,
				EC52124C1EC511AE00EA25B3 /* Main.storyboard in Resources */,
			);
			runOnlyForDeploymentPostprocessing = 0;
		};
/* End PBXResourcesBuildPhase section */

/* Begin PBXSourcesBuildPhase section */
		EC52123A1EC511AE00EA25B3 /* Sources */ = {
			isa = PBXSourcesBuildPhase;
			buildActionMask = 2147483647;
			files = (
				EC1E15FF1ECA4CEC007E16C6 /* VideoTableViewCell.m in Sources */,
				EC5212491EC511AE00EA25B3 /* ViewController.m in Sources */,
				EC1E15F91EC7A4F1007E16C6 /* HttpService.m in Sources */,
				EC1E16021ECB9CA5007E16C6 /* Video.m in Sources */,
				EC5212461EC511AE00EA25B3 /* AppDelegate.m in Sources */,
				EC1E16051ECB9F5B007E16C6 /* TestTableViewController.m in Sources */,
				EC5212431EC511AE00EA25B3 /* main.m in Sources */,
			);
			runOnlyForDeploymentPostprocessing = 0;
		};
/* End PBXSourcesBuildPhase section */

/* Begin PBXVariantGroup section */
		EC52124A1EC511AE00EA25B3 /* Main.storyboard */ = {
			isa = PBXVariantGroup;
			children = (
				EC52124B1EC511AE00EA25B3 /* Base */,
			);
			name = Main.storyboard;
			sourceTree = "<group>";
		};
		EC52124F1EC511AE00EA25B3 /* LaunchScreen.storyboard */ = {
			isa = PBXVariantGroup;
			children = (
				EC5212501EC511AE00EA25B3 /* Base */,
			);
			name = LaunchScreen.storyboard;
			sourceTree = "<group>";
		};
/* End PBXVariantGroup section */

/* Begin XCBuildConfiguration section */
		EC5212531EC511AE00EA25B3 /* Debug */ = {
			isa = XCBuildConfiguration;
			buildSettings = {
				ALWAYS_SEARCH_USER_PATHS = NO;
				CLANG_ANALYZER_NONNULL = YES;
				CLANG_ANALYZER_NUMBER_OBJECT_CONVERSION = YES_AGGRESSIVE;
				CLANG_CXX_LANGUAGE_STANDARD = "gnu++0x";
				CLANG_CXX_LIBRARY = "libc++";
				CLANG_ENABLE_MODULES = YES;
				CLANG_ENABLE_OBJC_ARC = YES;
				CLANG_WARN_BOOL_CONVERSION = YES;
				CLANG_WARN_CONSTANT_CONVERSION = YES;
				CLANG_WARN_DIRECT_OBJC_ISA_USAGE = YES_ERROR;
				CLANG_WARN_DOCUMENTATION_COMMENTS = YES;
				CLANG_WARN_EMPTY_BODY = YES;
				CLANG_WARN_ENUM_CONVERSION = YES;
				CLANG_WARN_INFINITE_RECURSION = YES;
				CLANG_WARN_INT_CONVERSION = YES;
				CLANG_WARN_OBJC_ROOT_CLASS = YES_ERROR;
				CLANG_WARN_SUSPICIOUS_MOVE = YES;
				CLANG_WARN_UNREACHABLE_CODE = YES;
				CLANG_WARN__DUPLICATE_METHOD_MATCH = YES;
				"CODE_SIGN_IDENTITY[sdk=iphoneos*]" = "iPhone Developer";
				COPY_PHASE_STRIP = NO;
				DEBUG_INFORMATION_FORMAT = dwarf;
				ENABLE_STRICT_OBJC_MSGSEND = YES;
				ENABLE_TESTABILITY = YES;
				GCC_C_LANGUAGE_STANDARD = gnu99;
				GCC_DYNAMIC_NO_PIC = NO;
				GCC_NO_COMMON_BLOCKS = YES;
				GCC_OPTIMIZATION_LEVEL = 0;
				GCC_PREPROCESSOR_DEFINITIONS = (
					"DEBUG=1",
					"$(inherited)",
				);
				GCC_WARN_64_TO_32_BIT_CONVERSION = YES;
				GCC_WARN_ABOUT_RETURN_TYPE = YES_ERROR;
				GCC_WARN_UNDECLARED_SELECTOR = YES;
				GCC_WARN_UNINITIALIZED_AUTOS = YES_AGGRESSIVE;
				GCC_WARN_UNUSED_FUNCTION = YES;
				GCC_WARN_UNUSED_VARIABLE = YES;
				IPHONEOS_DEPLOYMENT_TARGET = 10.3;
				MTL_ENABLE_DEBUG_INFO = YES;
				ONLY_ACTIVE_ARCH = YES;
				SDKROOT = iphoneos;
				TARGETED_DEVICE_FAMILY = "1,2";
			};
			name = Debug;
		};
		EC5212541EC511AE00EA25B3 /* Release */ = {
			isa = XCBuildConfiguration;
			buildSettings = {
				ALWAYS_SEARCH_USER_PATHS = NO;
				CLANG_ANALYZER_NONNULL = YES;
				CLANG_ANALYZER_NUMBER_OBJECT_CONVERSION = YES_AGGRESSIVE;
				CLANG_CXX_LANGUAGE_STANDARD = "gnu++0x";
				CLANG_CXX_LIBRARY = "libc++";
				CLANG_ENABLE_MODULES = YES;
				CLANG_ENABLE_OBJC_ARC = YES;
				CLANG_WARN_BOOL_CONVERSION = YES;
				CLANG_WARN_CONSTANT_CONVERSION = YES;
				CLANG_WARN_DIRECT_OBJC_ISA_USAGE = YES_ERROR;
				CLANG_WARN_DOCUMENTATION_COMMENTS = YES;
				CLANG_WARN_EMPTY_BODY = YES;
				CLANG_WARN_ENUM_CONVERSION = YES;
				CLANG_WARN_INFINITE_RECURSION = YES;
				CLANG_WARN_INT_CONVERSION = YES;
				CLANG_WARN_OBJC_ROOT_CLASS = YES_ERROR;
				CLANG_WARN_SUSPICIOUS_MOVE = YES;
				CLANG_WARN_UNREACHABLE_CODE = YES;
				CLANG_WARN__DUPLICATE_METHOD_MATCH = YES;
				"CODE_SIGN_IDENTITY[sdk=iphoneos*]" = "iPhone Developer";
				COPY_PHASE_STRIP = NO;
				DEBUG_INFORMATION_FORMAT = "dwarf-with-dsym";
				ENABLE_NS_ASSERTIONS = NO;
				ENABLE_STRICT_OBJC_MSGSEND = YES;
				GCC_C_LANGUAGE_STANDARD = gnu99;
				GCC_NO_COMMON_BLOCKS = YES;
				GCC_WARN_64_TO_32_BIT_CONVERSION = YES;
				GCC_WARN_ABOUT_RETURN_TYPE = YES_ERROR;
				GCC_WARN_UNDECLARED_SELECTOR = YES;
				GCC_WARN_UNINITIALIZED_AUTOS = YES_AGGRESSIVE;
				GCC_WARN_UNUSED_FUNCTION = YES;
				GCC_WARN_UNUSED_VARIABLE = YES;
				IPHONEOS_DEPLOYMENT_TARGET = 10.3;
				MTL_ENABLE_DEBUG_INFO = NO;
				SDKROOT = iphoneos;
				TARGETED_DEVICE_FAMILY = "1,2";
				VALIDATE_PRODUCT = YES;
			};
			name = Release;
		};
		EC5212561EC511AE00EA25B3 /* Debug */ = {
			isa = XCBuildConfiguration;
			buildSettings = {
				ASSETCATALOG_COMPILER_APPICON_NAME = AppIcon;
				DEVELOPMENT_TEAM = LFCTWR83LG;
				INFOPLIST_FILE = DevslopesTutorials/Info.plist;
				LD_RUNPATH_SEARCH_PATHS = "$(inherited) @executable_path/Frameworks";
				PRODUCT_BUNDLE_IDENTIFIER = dk.codeph.DevslopesTutorials;
				PRODUCT_NAME = "$(TARGET_NAME)";
			};
			name = Debug;
		};
		EC5212571EC511AE00EA25B3 /* Release */ = {
			isa = XCBuildConfiguration;
			buildSettings = {
				ASSETCATALOG_COMPILER_APPICON_NAME = AppIcon;
				DEVELOPMENT_TEAM = LFCTWR83LG;
				INFOPLIST_FILE = DevslopesTutorials/Info.plist;
				LD_RUNPATH_SEARCH_PATHS = "$(inherited) @executable_path/Frameworks";
				PRODUCT_BUNDLE_IDENTIFIER = dk.codeph.DevslopesTutorials;
				PRODUCT_NAME = "$(TARGET_NAME)";
			};
			name = Release;
		};
/* End XCBuildConfiguration section */

/* Begin XCConfigurationList section */
		EC5212391EC511AE00EA25B3 /* Build configuration list for PBXProject "DevslopesTutorials" */ = {
			isa = XCConfigurationList;
			buildConfigurations = (
				EC5212531EC511AE00EA25B3 /* Debug */,
				EC5212541EC511AE00EA25B3 /* Release */,
			);
			defaultConfigurationIsVisible = 0;
			defaultConfigurationName = Release;
		};
		EC5212551EC511AE00EA25B3 /* Build configuration list for PBXNativeTarget "DevslopesTutorials" */ = {
			isa = XCConfigurationList;
			buildConfigurations = (
				EC5212561EC511AE00EA25B3 /* Debug */,
				EC5212571EC511AE00EA25B3 /* Release */,
			);
			defaultConfigurationIsVisible = 0;
			defaultConfigurationName = Release;
		};
/* End XCConfigurationList section */
	};
	rootObject = EC5212361EC511AE00EA25B3 /* Project object */;
}
